// !$*UTF8*$!
{
	archiveVersion = 1;
	classes = {
	};
	objectVersion = 46;
	objects = {

/* Begin PBXBuildFile section */
		9A834F4A1B5F6D4F005D6E2F /* main.m in Sources */ = {isa = PBXBuildFile; fileRef = 9A834F491B5F6D4F005D6E2F /* main.m */; };
		9A834F4D1B5F6D4F005D6E2F /* AppDelegate.m in Sources */ = {isa = PBXBuildFile; fileRef = 9A834F4C1B5F6D4F005D6E2F /* AppDelegate.m */; };
		9A834F501B5F6D4F005D6E2F /* JJTree.xcdatamodeld in Sources */ = {isa = PBXBuildFile; fileRef = 9A834F4E1B5F6D4F005D6E2F /* JJTree.xcdatamodeld */; };
		9A834F531B5F6D4F005D6E2F /* JJTArticleListViewController.m in Sources */ = {isa = PBXBuildFile; fileRef = 9A834F521B5F6D4F005D6E2F /* JJTArticleListViewController.m */; };
		9A834F561B5F6D4F005D6E2F /* Main.storyboard in Resources */ = {isa = PBXBuildFile; fileRef = 9A834F541B5F6D4F005D6E2F /* Main.storyboard */; };
		9A834F581B5F6D4F005D6E2F /* Images.xcassets in Resources */ = {isa = PBXBuildFile; fileRef = 9A834F571B5F6D4F005D6E2F /* Images.xcassets */; };
		9A834F5B1B5F6D4F005D6E2F /* LaunchScreen.xib in Resources */ = {isa = PBXBuildFile; fileRef = 9A834F591B5F6D4F005D6E2F /* LaunchScreen.xib */; };
		9A834F671B5F6D4F005D6E2F /* JJTreeTests.m in Sources */ = {isa = PBXBuildFile; fileRef = 9A834F661B5F6D4F005D6E2F /* JJTreeTests.m */; };
		9AA1A3A51B64D153007BBA25 /* JJTArticleViewController.m in Sources */ = {isa = PBXBuildFile; fileRef = 9AA1A3A31B64D153007BBA25 /* JJTArticleViewController.m */; };
		9AA1A3A61B64D153007BBA25 /* JJTArticleViewController.xib in Resources */ = {isa = PBXBuildFile; fileRef = 9AA1A3A41B64D153007BBA25 /* JJTArticleViewController.xib */; };
		9AA1A3AD1B64D2A3007BBA25 /* JJTArticleTableCell.m in Sources */ = {isa = PBXBuildFile; fileRef = 9AA1A3AB1B64D2A3007BBA25 /* JJTArticleTableCell.m */; };
		9AA1A3AE1B64D2A3007BBA25 /* JJTArticleTableCell.xib in Resources */ = {isa = PBXBuildFile; fileRef = 9AA1A3AC1B64D2A3007BBA25 /* JJTArticleTableCell.xib */; };
		9AA1A3B21B64D4DE007BBA25 /* JJTArticleTableView.m in Sources */ = {isa = PBXBuildFile; fileRef = 9AA1A3B11B64D4DE007BBA25 /* JJTArticleTableView.m */; };
		9AA1A3B41B64D4EF007BBA25 /* JJTArticleTableView.xib in Resources */ = {isa = PBXBuildFile; fileRef = 9AA1A3B31B64D4EF007BBA25 /* JJTArticleTableView.xib */; };
		9AA1A3B71B64D9C0007BBA25 /* JJUser.xcdatamodeld in Sources */ = {isa = PBXBuildFile; fileRef = 9AA1A3B51B64D9C0007BBA25 /* JJUser.xcdatamodeld */; };
/* End PBXBuildFile section */

/* Begin PBXContainerItemProxy section */
		9A834F611B5F6D4F005D6E2F /* PBXContainerItemProxy */ = {
			isa = PBXContainerItemProxy;
			containerPortal = 9A834F3C1B5F6D4F005D6E2F /* Project object */;
			proxyType = 1;
			remoteGlobalIDString = 9A834F431B5F6D4F005D6E2F;
			remoteInfo = JJTree;
		};
/* End PBXContainerItemProxy section */

/* Begin PBXFileReference section */
		9A834F441B5F6D4F005D6E2F /* JJTree.app */ = {isa = PBXFileReference; explicitFileType = wrapper.application; includeInIndex = 0; path = JJTree.app; sourceTree = BUILT_PRODUCTS_DIR; };
		9A834F481B5F6D4F005D6E2F /* Info.plist */ = {isa = PBXFileReference; lastKnownFileType = text.plist.xml; path = Info.plist; sourceTree = "<group>"; };
		9A834F491B5F6D4F005D6E2F /* main.m */ = {isa = PBXFileReference; lastKnownFileType = sourcecode.c.objc; path = main.m; sourceTree = "<group>"; };
		9A834F4B1B5F6D4F005D6E2F /* AppDelegate.h */ = {isa = PBXFileReference; lastKnownFileType = sourcecode.c.h; path = AppDelegate.h; sourceTree = "<group>"; };
		9A834F4C1B5F6D4F005D6E2F /* AppDelegate.m */ = {isa = PBXFileReference; lastKnownFileType = sourcecode.c.objc; path = AppDelegate.m; sourceTree = "<group>"; };
		9A834F4F1B5F6D4F005D6E2F /* JJTree.xcdatamodel */ = {isa = PBXFileReference; lastKnownFileType = wrapper.xcdatamodel; path = JJTree.xcdatamodel; sourceTree = "<group>"; };
		9A834F511B5F6D4F005D6E2F /* JJTArticleListViewController.h */ = {isa = PBXFileReference; lastKnownFileType = sourcecode.c.h; path = JJTArticleListViewController.h; sourceTree = "<group>"; };
		9A834F521B5F6D4F005D6E2F /* JJTArticleListViewController.m */ = {isa = PBXFileReference; lastKnownFileType = sourcecode.c.objc; path = JJTArticleListViewController.m; sourceTree = "<group>"; };
		9A834F551B5F6D4F005D6E2F /* Base */ = {isa = PBXFileReference; lastKnownFileType = file.storyboard; name = Base; path = Base.lproj/Main.storyboard; sourceTree = "<group>"; };
		9A834F571B5F6D4F005D6E2F /* Images.xcassets */ = {isa = PBXFileReference; lastKnownFileType = folder.assetcatalog; path = Images.xcassets; sourceTree = "<group>"; };
		9A834F5A1B5F6D4F005D6E2F /* Base */ = {isa = PBXFileReference; lastKnownFileType = file.xib; name = Base; path = Base.lproj/LaunchScreen.xib; sourceTree = "<group>"; };
		9A834F601B5F6D4F005D6E2F /* JJTreeTests.xctest */ = {isa = PBXFileReference; explicitFileType = wrapper.cfbundle; includeInIndex = 0; path = JJTreeTests.xctest; sourceTree = BUILT_PRODUCTS_DIR; };
		9A834F651B5F6D4F005D6E2F /* Info.plist */ = {isa = PBXFileReference; lastKnownFileType = text.plist.xml; path = Info.plist; sourceTree = "<group>"; };
		9A834F661B5F6D4F005D6E2F /* JJTreeTests.m */ = {isa = PBXFileReference; lastKnownFileType = sourcecode.c.objc; path = JJTreeTests.m; sourceTree = "<group>"; };
		9AA1A3A21B64D153007BBA25 /* JJTArticleViewController.h */ = {isa = PBXFileReference; fileEncoding = 4; lastKnownFileType = sourcecode.c.h; path = JJTArticleViewController.h; sourceTree = "<group>"; };
		9AA1A3A31B64D153007BBA25 /* JJTArticleViewController.m */ = {isa = PBXFileReference; fileEncoding = 4; lastKnownFileType = sourcecode.c.objc; path = JJTArticleViewController.m; sourceTree = "<group>"; };
		9AA1A3A41B64D153007BBA25 /* JJTArticleViewController.xib */ = {isa = PBXFileReference; fileEncoding = 4; lastKnownFileType = file.xib; path = JJTArticleViewController.xib; sourceTree = "<group>"; };
		9AA1A3AA1B64D2A3007BBA25 /* JJTArticleTableCell.h */ = {isa = PBXFileReference; fileEncoding = 4; lastKnownFileType = sourcecode.c.h; path = JJTArticleTableCell.h; sourceTree = "<group>"; };
		9AA1A3AB1B64D2A3007BBA25 /* JJTArticleTableCell.m */ = {isa = PBXFileReference; fileEncoding = 4; lastKnownFileType = sourcecode.c.objc; path = JJTArticleTableCell.m; sourceTree = "<group>"; };
		9AA1A3AC1B64D2A3007BBA25 /* JJTArticleTableCell.xib */ = {isa = PBXFileReference; fileEncoding = 4; lastKnownFileType = file.xib; path = JJTArticleTableCell.xib; sourceTree = "<group>"; };
		9AA1A3B01B64D4DE007BBA25 /* JJTArticleTableView.h */ = {isa = PBXFileReference; fileEncoding = 4; lastKnownFileType = sourcecode.c.h; path = JJTArticleTableView.h; sourceTree = "<group>"; };
		9AA1A3B11B64D4DE007BBA25 /* JJTArticleTableView.m */ = {isa = PBXFileReference; fileEncoding = 4; lastKnownFileType = sourcecode.c.objc; path = JJTArticleTableView.m; sourceTree = "<group>"; };
		9AA1A3B31B64D4EF007BBA25 /* JJTArticleTableView.xib */ = {isa = PBXFileReference; fileEncoding = 4; lastKnownFileType = file.xib; path = JJTArticleTableView.xib; sourceTree = "<group>"; };
		9AA1A3B61B64D9C0007BBA25 /* JJUser.xcdatamodel */ = {isa = PBXFileReference; lastKnownFileType = wrapper.xcdatamodel; path = JJUser.xcdatamodel; sourceTree = "<group>"; };
/* End PBXFileReference section */

/* Begin PBXFrameworksBuildPhase section */
		9A834F411B5F6D4F005D6E2F /* Frameworks */ = {
			isa = PBXFrameworksBuildPhase;
			buildActionMask = 2147483647;
			files = (
			);
			runOnlyForDeploymentPostprocessing = 0;
		};
		9A834F5D1B5F6D4F005D6E2F /* Frameworks */ = {
			isa = PBXFrameworksBuildPhase;
			buildActionMask = 2147483647;
			files = (
			);
			runOnlyForDeploymentPostprocessing = 0;
		};
/* End PBXFrameworksBuildPhase section */

/* Begin PBXGroup section */
		9A834F3B1B5F6D4F005D6E2F = {
			isa = PBXGroup;
			children = (
				9A834F461B5F6D4F005D6E2F /* JJTree */,
				9A834F631B5F6D4F005D6E2F /* JJTreeTests */,
				9A834F451B5F6D4F005D6E2F /* Products */,
			);
			sourceTree = "<group>";
		};
		9A834F451B5F6D4F005D6E2F /* Products */ = {
			isa = PBXGroup;
			children = (
				9A834F441B5F6D4F005D6E2F /* JJTree.app */,
				9A834F601B5F6D4F005D6E2F /* JJTreeTests.xctest */,
			);
			name = Products;
			sourceTree = "<group>";
		};
		9A834F461B5F6D4F005D6E2F /* JJTree */ = {
			isa = PBXGroup;
			children = (
				9A866C981B5FE6B400258146 /* Vendor */,
				9A834F4B1B5F6D4F005D6E2F /* AppDelegate.h */,
				9A834F4C1B5F6D4F005D6E2F /* AppDelegate.m */,
				9AA1A3A71B64D189007BBA25 /* JJTArticleList */,
				9AA1A3A81B64D19B007BBA25 /* JJTArticle */,
				9A834F571B5F6D4F005D6E2F /* Images.xcassets */,
				9A834F591B5F6D4F005D6E2F /* LaunchScreen.xib */,
				9A834F4E1B5F6D4F005D6E2F /* JJTree.xcdatamodeld */,
				9AA1A3B51B64D9C0007BBA25 /* JJUser.xcdatamodeld */,
				9A834F471B5F6D4F005D6E2F /* Supporting Files */,
			);
			path = JJTree;
			sourceTree = "<group>";
		};
		9A834F471B5F6D4F005D6E2F /* Supporting Files */ = {
			isa = PBXGroup;
			children = (
				9A834F481B5F6D4F005D6E2F /* Info.plist */,
				9A834F491B5F6D4F005D6E2F /* main.m */,
			);
			name = "Supporting Files";
			sourceTree = "<group>";
		};
		9A834F631B5F6D4F005D6E2F /* JJTreeTests */ = {
			isa = PBXGroup;
			children = (
				9A834F661B5F6D4F005D6E2F /* JJTreeTests.m */,
				9A834F641B5F6D4F005D6E2F /* Supporting Files */,
			);
			path = JJTreeTests;
			sourceTree = "<group>";
		};
		9A834F641B5F6D4F005D6E2F /* Supporting Files */ = {
			isa = PBXGroup;
			children = (
				9A834F651B5F6D4F005D6E2F /* Info.plist */,
			);
			name = "Supporting Files";
			sourceTree = "<group>";
		};
		9A866C981B5FE6B400258146 /* Vendor */ = {
			isa = PBXGroup;
			children = (
			);
			name = Vendor;
			path = ../Vendor;
			sourceTree = "<group>";
		};
		9AA1A3A71B64D189007BBA25 /* JJTArticleList */ = {
			isa = PBXGroup;
			children = (
				9A834F511B5F6D4F005D6E2F /* JJTArticleListViewController.h */,
				9A834F521B5F6D4F005D6E2F /* JJTArticleListViewController.m */,
				9A834F541B5F6D4F005D6E2F /* Main.storyboard */,
				9AA1A3A91B64D26F007BBA25 /* Views */,
			);
			name = JJTArticleList;
			sourceTree = "<group>";
		};
		9AA1A3A81B64D19B007BBA25 /* JJTArticle */ = {
			isa = PBXGroup;
			children = (
				9AA1A3A21B64D153007BBA25 /* JJTArticleViewController.h */,
				9AA1A3A31B64D153007BBA25 /* JJTArticleViewController.m */,
				9AA1A3A41B64D153007BBA25 /* JJTArticleViewController.xib */,
			);
			name = JJTArticle;
			sourceTree = "<group>";
		};
		9AA1A3A91B64D26F007BBA25 /* Views */ = {
			isa = PBXGroup;
			children = (
				9AA1A3AA1B64D2A3007BBA25 /* JJTArticleTableCell.h */,
				9AA1A3AB1B64D2A3007BBA25 /* JJTArticleTableCell.m */,
				9AA1A3AC1B64D2A3007BBA25 /* JJTArticleTableCell.xib */,
				9AA1A3B01B64D4DE007BBA25 /* JJTArticleTableView.h */,
				9AA1A3B11B64D4DE007BBA25 /* JJTArticleTableView.m */,
				9AA1A3B31B64D4EF007BBA25 /* JJTArticleTableView.xib */,
			);
			name = Views;
			sourceTree = "<group>";
		};
/* End PBXGroup section */

/* Begin PBXNativeTarget section */
		9A834F431B5F6D4F005D6E2F /* JJTree */ = {
			isa = PBXNativeTarget;
			buildConfigurationList = 9A834F6A1B5F6D4F005D6E2F /* Build configuration list for PBXNativeTarget "JJTree" */;
			buildPhases = (
				9A834F401B5F6D4F005D6E2F /* Sources */,
				9A834F411B5F6D4F005D6E2F /* Frameworks */,
				9A834F421B5F6D4F005D6E2F /* Resources */,
			);
			buildRules = (
			);
			dependencies = (
			);
			name = JJTree;
			productName = JJTree;
			productReference = 9A834F441B5F6D4F005D6E2F /* JJTree.app */;
			productType = "com.apple.product-type.application";
		};
		9A834F5F1B5F6D4F005D6E2F /* JJTreeTests */ = {
			isa = PBXNativeTarget;
			buildConfigurationList = 9A834F6D1B5F6D4F005D6E2F /* Build configuration list for PBXNativeTarget "JJTreeTests" */;
			buildPhases = (
				9A834F5C1B5F6D4F005D6E2F /* Sources */,
				9A834F5D1B5F6D4F005D6E2F /* Frameworks */,
				9A834F5E1B5F6D4F005D6E2F /* Resources */,
			);
			buildRules = (
			);
			dependencies = (
				9A834F621B5F6D4F005D6E2F /* PBXTargetDependency */,
			);
			name = JJTreeTests;
			productName = JJTreeTests;
			productReference = 9A834F601B5F6D4F005D6E2F /* JJTreeTests.xctest */;
			productType = "com.apple.product-type.bundle.unit-test";
		};
/* End PBXNativeTarget section */

/* Begin PBXProject section */
		9A834F3C1B5F6D4F005D6E2F /* Project object */ = {
			isa = PBXProject;
			attributes = {
				LastUpgradeCheck = 0640;
				ORGANIZATIONNAME = guojunxu;
				TargetAttributes = {
					9A834F431B5F6D4F005D6E2F = {
						CreatedOnToolsVersion = 6.4;
					};
					9A834F5F1B5F6D4F005D6E2F = {
						CreatedOnToolsVersion = 6.4;
						TestTargetID = 9A834F431B5F6D4F005D6E2F;
					};
				};
			};
			buildConfigurationList = 9A834F3F1B5F6D4F005D6E2F /* Build configuration list for PBXProject "JJTree" */;
			compatibilityVersion = "Xcode 3.2";
			developmentRegion = English;
			hasScannedForEncodings = 0;
			knownRegions = (
				en,
				Base,
			);
			mainGroup = 9A834F3B1B5F6D4F005D6E2F;
			productRefGroup = 9A834F451B5F6D4F005D6E2F /* Products */;
			projectDirPath = "";
			projectRoot = "";
			targets = (
				9A834F431B5F6D4F005D6E2F /* JJTree */,
				9A834F5F1B5F6D4F005D6E2F /* JJTreeTests */,
			);
		};
/* End PBXProject section */

/* Begin PBXResourcesBuildPhase section */
		9A834F421B5F6D4F005D6E2F /* Resources */ = {
			isa = PBXResourcesBuildPhase;
			buildActionMask = 2147483647;
			files = (
				9AA1A3A61B64D153007BBA25 /* JJTArticleViewController.xib in Resources */,
				9A834F561B5F6D4F005D6E2F /* Main.storyboard in Resources */,
				9A834F5B1B5F6D4F005D6E2F /* LaunchScreen.xib in Resources */,
				9A834F581B5F6D4F005D6E2F /* Images.xcassets in Resources */,
				9AA1A3AE1B64D2A3007BBA25 /* JJTArticleTableCell.xib in Resources */,
				9AA1A3B41B64D4EF007BBA25 /* JJTArticleTableView.xib in Resources */,
			);
			runOnlyForDeploymentPostprocessing = 0;
		};
		9A834F5E1B5F6D4F005D6E2F /* Resources */ = {
			isa = PBXResourcesBuildPhase;
			buildActionMask = 2147483647;
			files = (
			);
			runOnlyForDeploymentPostprocessing = 0;
		};
/* End PBXResourcesBuildPhase section */

/* Begin PBXSourcesBuildPhase section */
		9A834F401B5F6D4F005D6E2F /* Sources */ = {
			isa = PBXSourcesBuildPhase;
			buildActionMask = 2147483647;
			files = (
				9A834F4D1B5F6D4F005D6E2F /* AppDelegate.m in Sources */,
				9A834F4A1B5F6D4F005D6E2F /* main.m in Sources */,
				9AA1A3AD1B64D2A3007BBA25 /* JJTArticleTableCell.m in Sources */,
				9A834F531B5F6D4F005D6E2F /* JJTArticleListViewController.m in Sources */,
				9A834F501B5F6D4F005D6E2F /* JJTree.xcdatamodeld in Sources */,
				9AA1A3B21B64D4DE007BBA25 /* JJTArticleTableView.m in Sources */,
				9AA1A3B71B64D9C0007BBA25 /* JJUser.xcdatamodeld in Sources */,
				9AA1A3A51B64D153007BBA25 /* JJTArticleViewController.m in Sources */,
			);
			runOnlyForDeploymentPostprocessing = 0;
		};
		9A834F5C1B5F6D4F005D6E2F /* Sources */ = {
			isa = PBXSourcesBuildPhase;
			buildActionMask = 2147483647;
			files = (
				9A834F671B5F6D4F005D6E2F /* JJTreeTests.m in Sources */,
			);
			runOnlyForDeploymentPostprocessing = 0;
		};
/* End PBXSourcesBuildPhase section */

/* Begin PBXTargetDependency section */
		9A834F621B5F6D4F005D6E2F /* PBXTargetDependency */ = {
			isa = PBXTargetDependency;
			target = 9A834F431B5F6D4F005D6E2F /* JJTree */;
			targetProxy = 9A834F611B5F6D4F005D6E2F /* PBXContainerItemProxy */;
		};
/* End PBXTargetDependency section */

/* Begin PBXVariantGroup section */
		9A834F541B5F6D4F005D6E2F /* Main.storyboard */ = {
			isa = PBXVariantGroup;
			children = (
				9A834F551B5F6D4F005D6E2F /* Base */,
			);
			name = Main.storyboard;
			sourceTree = "<group>";
		};
		9A834F591B5F6D4F005D6E2F /* LaunchScreen.xib */ = {
			isa = PBXVariantGroup;
			children = (
				9A834F5A1B5F6D4F005D6E2F /* Base */,
			);
			name = LaunchScreen.xib;
			sourceTree = "<group>";
		};
/* End PBXVariantGroup section */

/* Begin XCBuildConfiguration section */
		9A834F681B5F6D4F005D6E2F /* Debug */ = {
			isa = XCBuildConfiguration;
			buildSettings = {
				ALWAYS_SEARCH_USER_PATHS = NO;
				CLANG_CXX_LANGUAGE_STANDARD = "gnu++0x";
				CLANG_CXX_LIBRARY = "libc++";
				CLANG_ENABLE_MODULES = YES;
				CLANG_ENABLE_OBJC_ARC = YES;
				CLANG_WARN_BOOL_CONVERSION = YES;
				CLANG_WARN_CONSTANT_CONVERSION = YES;
				CLANG_WARN_DIRECT_OBJC_ISA_USAGE = YES_ERROR;
				CLANG_WARN_EMPTY_BODY = YES;
				CLANG_WARN_ENUM_CONVERSION = YES;
				CLANG_WARN_INT_CONVERSION = YES;
				CLANG_WARN_OBJC_ROOT_CLASS = YES_ERROR;
				CLANG_WARN_UNREACHABLE_CODE = YES;
				CLANG_WARN__DUPLICATE_METHOD_MATCH = YES;
				"CODE_SIGN_IDENTITY[sdk=iphoneos*]" = "iPhone Developer";
				COPY_PHASE_STRIP = NO;
				DEBUG_INFORMATION_FORMAT = "dwarf-with-dsym";
				ENABLE_STRICT_OBJC_MSGSEND = YES;
				GCC_C_LANGUAGE_STANDARD = gnu99;
				GCC_DYNAMIC_NO_PIC = NO;
				GCC_NO_COMMON_BLOCKS = YES;
				GCC_OPTIMIZATION_LEVEL = 0;
				GCC_PREPROCESSOR_DEFINITIONS = (
					"DEBUG=1",
					"$(inherited)",
				);
				GCC_SYMBOLS_PRIVATE_EXTERN = NO;
				GCC_WARN_64_TO_32_BIT_CONVERSION = YES;
				GCC_WARN_ABOUT_RETURN_TYPE = YES_ERROR;
				GCC_WARN_UNDECLARED_SELECTOR = YES;
				GCC_WARN_UNINITIALIZED_AUTOS = YES_AGGRESSIVE;
				GCC_WARN_UNUSED_FUNCTION = YES;
				GCC_WARN_UNUSED_VARIABLE = YES;
				IPHONEOS_DEPLOYMENT_TARGET = 7.0;
				MTL_ENABLE_DEBUG_INFO = YES;
				ONLY_ACTIVE_ARCH = YES;
				SDKROOT = iphoneos;
			};
			name = Debug;
		};
		9A834F691B5F6D4F005D6E2F /* Release */ = {
			isa = XCBuildConfiguration;
			buildSettings = {
				ALWAYS_SEARCH_USER_PATHS = NO;
				CLANG_CXX_LANGUAGE_STANDARD = "gnu++0x";
				CLANG_CXX_LIBRARY = "libc++";
				CLANG_ENABLE_MODULES = YES;
				CLANG_ENABLE_OBJC_ARC = YES;
				CLANG_WARN_BOOL_CONVERSION = YES;
				CLANG_WARN_CONSTANT_CONVERSION = YES;
				CLANG_WARN_DIRECT_OBJC_ISA_USAGE = YES_ERROR;
				CLANG_WARN_EMPTY_BODY = YES;
				CLANG_WARN_ENUM_CONVERSION = YES;
				CLANG_WARN_INT_CONVERSION = YES;
				CLANG_WARN_OBJC_ROOT_CLASS = YES_ERROR;
				CLANG_WARN_UNREACHABLE_CODE = YES;
				CLANG_WARN__DUPLICATE_METHOD_MATCH = YES;
				"CODE_SIGN_IDENTITY[sdk=iphoneos*]" = "iPhone Developer";
				COPY_PHASE_STRIP = NO;
				DEBUG_INFORMATION_FORMAT = "dwarf-with-dsym";
				ENABLE_NS_ASSERTIONS = NO;
				ENABLE_STRICT_OBJC_MSGSEND = YES;
				GCC_C_LANGUAGE_STANDARD = gnu99;
				GCC_NO_COMMON_BLOCKS = YES;
				GCC_WARN_64_TO_32_BIT_CONVERSION = YES;
				GCC_WARN_ABOUT_RETURN_TYPE = YES_ERROR;
				GCC_WARN_UNDECLARED_SELECTOR = YES;
				GCC_WARN_UNINITIALIZED_AUTOS = YES_AGGRESSIVE;
				GCC_WARN_UNUSED_FUNCTION = YES;
				GCC_WARN_UNUSED_VARIABLE = YES;
				IPHONEOS_DEPLOYMENT_TARGET = 7.0;
				MTL_ENABLE_DEBUG_INFO = NO;
				SDKROOT = iphoneos;
				VALIDATE_PRODUCT = YES;
			};
			name = Release;
		};
		9A834F6B1B5F6D4F005D6E2F /* Debug */ = {
			isa = XCBuildConfiguration;
			buildSettings = {
				ASSETCATALOG_COMPILER_APPICON_NAME = AppIcon;
				HEADER_SEARCH_PATHS = (
					"$(inherited)",
					/Applications/Xcode.app/Contents/Developer/Toolchains/XcodeDefault.xctoolchain/usr/include,
					"$(CONFIGURATION_BUILD_DIR)/MMMarkdown-iOS/public/",
				);
				INFOPLIST_FILE = JJTree/Info.plist;
				IPHONEOS_DEPLOYMENT_TARGET = 7.0;
				LD_RUNPATH_SEARCH_PATHS = "$(inherited) @executable_path/Frameworks";
				PRODUCT_NAME = "$(TARGET_NAME)";
			};
			name = Debug;
		};
		9A834F6C1B5F6D4F005D6E2F /* Release */ = {
			isa = XCBuildConfiguration;
			buildSettings = {
				ASSETCATALOG_COMPILER_APPICON_NAME = AppIcon;
				HEADER_SEARCH_PATHS = (
					"$(inherited)",
					/Applications/Xcode.app/Contents/Developer/Toolchains/XcodeDefault.xctoolchain/usr/include,
					"$(CONFIGURATION_BUILD_DIR)/MMMarkdown-iOS/public/",
				);
				INFOPLIST_FILE = JJTree/Info.plist;
				IPHONEOS_DEPLOYMENT_TARGET = 7.0;
				LD_RUNPATH_SEARCH_PATHS = "$(inherited) @executable_path/Frameworks";
				PRODUCT_NAME = "$(TARGET_NAME)";
			};
			name = Release;
		};
		9A834F6E1B5F6D4F005D6E2F /* Debug */ = {
			isa = XCBuildConfiguration;
			buildSettings = {
				BUNDLE_LOADER = "$(TEST_HOST)";
				FRAMEWORK_SEARCH_PATHS = (
					"$(SDKROOT)/Developer/Library/Frameworks",
					"$(inherited)",
				);
				GCC_PREPROCESSOR_DEFINITIONS = (
					"DEBUG=1",
					"$(inherited)",
				);
				INFOPLIST_FILE = JJTreeTests/Info.plist;
				LD_RUNPATH_SEARCH_PATHS = "$(inherited) @executable_path/Frameworks @loader_path/Frameworks";
				PRODUCT_NAME = "$(TARGET_NAME)";
				TEST_HOST = "$(BUILT_PRODUCTS_DIR)/JJTree.app/JJTree";
			};
			name = Debug;
		};
		9A834F6F1B5F6D4F005D6E2F /* Release */ = {
			isa = XCBuildConfiguration;
			buildSettings = {
				BUNDLE_LOADER = "$(TEST_HOST)";
				FRAMEWORK_SEARCH_PATHS = (
					"$(SDKROOT)/Developer/Library/Frameworks",
					"$(inherited)",
				);
				INFOPLIST_FILE = JJTreeTests/Info.plist;
				LD_RUNPATH_SEARCH_PATHS = "$(inherited) @executable_path/Frameworks @loader_path/Frameworks";
				PRODUCT_NAME = "$(TARGET_NAME)";
				TEST_HOST = "$(BUILT_PRODUCTS_DIR)/JJTree.app/JJTree";
			};
			name = Release;
		};
/* End XCBuildConfiguration section */

/* Begin XCConfigurationList section */
		9A834F3F1B5F6D4F005D6E2F /* Build configuration list for PBXProject "JJTree" */ = {
			isa = XCConfigurationList;
			buildConfigurations = (
				9A834F681B5F6D4F005D6E2F /* Debug */,
				9A834F691B5F6D4F005D6E2F /* Release */,
			);
			defaultConfigurationIsVisible = 0;
			defaultConfigurationName = Release;
		};
		9A834F6A1B5F6D4F005D6E2F /* Build configuration list for PBXNativeTarget "JJTree" */ = {
			isa = XCConfigurationList;
			buildConfigurations = (
				9A834F6B1B5F6D4F005D6E2F /* Debug */,
				9A834F6C1B5F6D4F005D6E2F /* Release */,
			);
			defaultConfigurationIsVisible = 0;
			defaultConfigurationName = Release;
		};
		9A834F6D1B5F6D4F005D6E2F /* Build configuration list for PBXNativeTarget "JJTreeTests" */ = {
			isa = XCConfigurationList;
			buildConfigurations = (
				9A834F6E1B5F6D4F005D6E2F /* Debug */,
				9A834F6F1B5F6D4F005D6E2F /* Release */,
			);
			defaultConfigurationIsVisible = 0;
			defaultConfigurationName = Release;
		};
/* End XCConfigurationList section */

/* Begin XCVersionGroup section */
		9A834F4E1B5F6D4F005D6E2F /* JJTree.xcdatamodeld */ = {
			isa = XCVersionGroup;
			children = (
				9A834F4F1B5F6D4F005D6E2F /* JJTree.xcdatamodel */,
			);
			currentVersion = 9A834F4F1B5F6D4F005D6E2F /* JJTree.xcdatamodel */;
			path = JJTree.xcdatamodeld;
			sourceTree = "<group>";
			versionGroupType = wrapper.xcdatamodel;
		};
		9AA1A3B51B64D9C0007BBA25 /* JJUser.xcdatamodeld */ = {
			isa = XCVersionGroup;
			children = (
				9AA1A3B61B64D9C0007BBA25 /* JJUser.xcdatamodel */,
			);
			currentVersion = 9AA1A3B61B64D9C0007BBA25 /* JJUser.xcdatamodel */;
			path = JJUser.xcdatamodeld;
			sourceTree = "<group>";
			versionGroupType = wrapper.xcdatamodel;
		};
/* End XCVersionGroup section */
	};
	rootObject = 9A834F3C1B5F6D4F005D6E2F /* Project object */;
}
