// !$*UTF8*$!
{
	archiveVersion = 1;
	classes = {
	};
	objectVersion = 46;
	objects = {

/* Begin PBXBuildFile section */
		2845C02480D7EE171EF4C73C /* libPods.a in Frameworks */ = {isa = PBXBuildFile; fileRef = 5A3E9DDCF0F65FA1492EE4A2 /* libPods.a */; };
		9A2852111B666C9100C827A5 /* JJTLoginViewController.m in Sources */ = {isa = PBXBuildFile; fileRef = 9A28520F1B666C9100C827A5 /* JJTLoginViewController.m */; };
		9A2852121B666C9100C827A5 /* JJTLoginViewController.xib in Resources */ = {isa = PBXBuildFile; fileRef = 9A2852101B666C9100C827A5 /* JJTLoginViewController.xib */; };
		9A2852161B666CAF00C827A5 /* JJTFormTableView.m in Sources */ = {isa = PBXBuildFile; fileRef = 9A2852151B666CAF00C827A5 /* JJTFormTableView.m */; };
		9A2852181B666CBE00C827A5 /* JJTFormTableView.xib in Resources */ = {isa = PBXBuildFile; fileRef = 9A2852171B666CBE00C827A5 /* JJTFormTableView.xib */; };
		9A28521D1B666DDC00C827A5 /* JJTFormTableViewCell.m in Sources */ = {isa = PBXBuildFile; fileRef = 9A28521B1B666DDC00C827A5 /* JJTFormTableViewCell.m */; };
		9A28521E1B666DDC00C827A5 /* JJTFormTableViewCell.xib in Resources */ = {isa = PBXBuildFile; fileRef = 9A28521C1B666DDC00C827A5 /* JJTFormTableViewCell.xib */; };
		9A2852211B66771500C827A5 /* NSString+JJTString.m in Sources */ = {isa = PBXBuildFile; fileRef = 9A2852201B66771500C827A5 /* NSString+JJTString.m */; };
		9A2852261B66860400C827A5 /* JJTCreateAccountViewController.m in Sources */ = {isa = PBXBuildFile; fileRef = 9A2852241B66860400C827A5 /* JJTCreateAccountViewController.m */; };
		9A2852271B66860400C827A5 /* JJTCreateAccountViewController.xib in Resources */ = {isa = PBXBuildFile; fileRef = 9A2852251B66860400C827A5 /* JJTCreateAccountViewController.xib */; };
		9A28522C1B668CB000C827A5 /* JJTPreferenceViewController.m in Sources */ = {isa = PBXBuildFile; fileRef = 9A28522A1B668CB000C827A5 /* JJTPreferenceViewController.m */; };
		9A28522D1B668CB000C827A5 /* JJTPreferenceViewController.xib in Resources */ = {isa = PBXBuildFile; fileRef = 9A28522B1B668CB000C827A5 /* JJTPreferenceViewController.xib */; };
		9A2852321B66907300C827A5 /* JJTProfileViewController.m in Sources */ = {isa = PBXBuildFile; fileRef = 9A2852301B66907300C827A5 /* JJTProfileViewController.m */; };
		9A2852331B66907300C827A5 /* JJTProfileViewController.xib in Resources */ = {isa = PBXBuildFile; fileRef = 9A2852311B66907300C827A5 /* JJTProfileViewController.xib */; };
		9A29A04B1B65370A006FA11B /* JJTPlainTextParagraphTableCell.m in Sources */ = {isa = PBXBuildFile; fileRef = 9A29A0491B65370A006FA11B /* JJTPlainTextParagraphTableCell.m */; };
		9A29A04C1B65370A006FA11B /* JJTPlainTextParagraphTableCell.xib in Resources */ = {isa = PBXBuildFile; fileRef = 9A29A04A1B65370A006FA11B /* JJTPlainTextParagraphTableCell.xib */; };
		9A29A0501B653A22006FA11B /* JJTBlockParagraphTableViewCell.m in Sources */ = {isa = PBXBuildFile; fileRef = 9A29A04E1B653A22006FA11B /* JJTBlockParagraphTableViewCell.m */; };
		9A29A0511B653A22006FA11B /* JJTBlockParagraphTableViewCell.xib in Resources */ = {isa = PBXBuildFile; fileRef = 9A29A04F1B653A22006FA11B /* JJTBlockParagraphTableViewCell.xib */; };
		9A29A0551B653B01006FA11B /* JJTPictureParagraphTableViewCell.m in Sources */ = {isa = PBXBuildFile; fileRef = 9A29A0531B653B01006FA11B /* JJTPictureParagraphTableViewCell.m */; };
		9A29A0561B653B01006FA11B /* JJTPictureParagraphTableViewCell.xib in Resources */ = {isa = PBXBuildFile; fileRef = 9A29A0541B653B01006FA11B /* JJTPictureParagraphTableViewCell.xib */; };
		9A29A0581B65416C006FA11B /* testText.txt in Resources */ = {isa = PBXBuildFile; fileRef = 9A29A0571B65416C006FA11B /* testText.txt */; };
		9A313ADD1B6922890091DA8B /* JJTSearchViewController.m in Sources */ = {isa = PBXBuildFile; fileRef = 9A313ADB1B6922890091DA8B /* JJTSearchViewController.m */; };
		9A313ADE1B6922890091DA8B /* JJTSearchViewController.xib in Resources */ = {isa = PBXBuildFile; fileRef = 9A313ADC1B6922890091DA8B /* JJTSearchViewController.xib */; };
		9A7F1B901B67486900D16E6C /* JJTBlockStyleViewController.m in Sources */ = {isa = PBXBuildFile; fileRef = 9A7F1B8E1B67486900D16E6C /* JJTBlockStyleViewController.m */; };
		9A7F1B911B67486900D16E6C /* JJTBlockStyleViewController.xib in Resources */ = {isa = PBXBuildFile; fileRef = 9A7F1B8F1B67486900D16E6C /* JJTBlockStyleViewController.xib */; };
		9A7F1B931B674B8300D16E6C /* blockCSS.txt in Resources */ = {isa = PBXBuildFile; fileRef = 9A7F1B921B674B8300D16E6C /* blockCSS.txt */; };
		9A834F4A1B5F6D4F005D6E2F /* main.m in Sources */ = {isa = PBXBuildFile; fileRef = 9A834F491B5F6D4F005D6E2F /* main.m */; };
		9A834F4D1B5F6D4F005D6E2F /* AppDelegate.m in Sources */ = {isa = PBXBuildFile; fileRef = 9A834F4C1B5F6D4F005D6E2F /* AppDelegate.m */; };
		9A834F501B5F6D4F005D6E2F /* JJTree.xcdatamodeld in Sources */ = {isa = PBXBuildFile; fileRef = 9A834F4E1B5F6D4F005D6E2F /* JJTree.xcdatamodeld */; };
		9A834F531B5F6D4F005D6E2F /* JJTArticleListViewController.m in Sources */ = {isa = PBXBuildFile; fileRef = 9A834F521B5F6D4F005D6E2F /* JJTArticleListViewController.m */; };
		9A834F561B5F6D4F005D6E2F /* Main.storyboard in Resources */ = {isa = PBXBuildFile; fileRef = 9A834F541B5F6D4F005D6E2F /* Main.storyboard */; };
		9A834F581B5F6D4F005D6E2F /* Images.xcassets in Resources */ = {isa = PBXBuildFile; fileRef = 9A834F571B5F6D4F005D6E2F /* Images.xcassets */; };
		9A834F5B1B5F6D4F005D6E2F /* LaunchScreen.xib in Resources */ = {isa = PBXBuildFile; fileRef = 9A834F591B5F6D4F005D6E2F /* LaunchScreen.xib */; };
		9A834F671B5F6D4F005D6E2F /* JJTreeTests.m in Sources */ = {isa = PBXBuildFile; fileRef = 9A834F661B5F6D4F005D6E2F /* JJTreeTests.m */; };
		9A9271031B67B20600901A71 /* JJTAuthorViewController.m in Sources */ = {isa = PBXBuildFile; fileRef = 9A9271011B67B20600901A71 /* JJTAuthorViewController.m */; };
		9A9271041B67B20600901A71 /* JJTAuthorViewController.xib in Resources */ = {isa = PBXBuildFile; fileRef = 9A9271021B67B20600901A71 /* JJTAuthorViewController.xib */; };
		9A9271081B67B29600901A71 /* JJTAuthorHeader.m in Sources */ = {isa = PBXBuildFile; fileRef = 9A9271071B67B29600901A71 /* JJTAuthorHeader.m */; };
		9A92710A1B67B2A200901A71 /* JJTAuthorHeader.xib in Resources */ = {isa = PBXBuildFile; fileRef = 9A9271091B67B2A200901A71 /* JJTAuthorHeader.xib */; };
		9A92710D1B67BA3A00901A71 /* JJTAuthorTableView.m in Sources */ = {isa = PBXBuildFile; fileRef = 9A92710C1B67BA3A00901A71 /* JJTAuthorTableView.m */; };
		9A92710F1B67BA4700901A71 /* JJTAuthorTableView.xib in Resources */ = {isa = PBXBuildFile; fileRef = 9A92710E1B67BA4700901A71 /* JJTAuthorTableView.xib */; };
		9A9271121B67D49400901A71 /* JJTBlockWebView.m in Sources */ = {isa = PBXBuildFile; fileRef = 9A9271111B67D49400901A71 /* JJTBlockWebView.m */; };
		9A9271141B67D4A200901A71 /* JJTBlockWebView.xib in Resources */ = {isa = PBXBuildFile; fileRef = 9A9271131B67D4A200901A71 /* JJTBlockWebView.xib */; };
		9A9271181B67D57D00901A71 /* JJTBlockLineTableViewCell.m in Sources */ = {isa = PBXBuildFile; fileRef = 9A9271161B67D57D00901A71 /* JJTBlockLineTableViewCell.m */; };
		9A9271191B67D57D00901A71 /* JJTBlockLineTableViewCell.xib in Resources */ = {isa = PBXBuildFile; fileRef = 9A9271171B67D57D00901A71 /* JJTBlockLineTableViewCell.xib */; };
		9AA1A3A51B64D153007BBA25 /* JJTArticleViewController.m in Sources */ = {isa = PBXBuildFile; fileRef = 9AA1A3A31B64D153007BBA25 /* JJTArticleViewController.m */; };
		9AA1A3A61B64D153007BBA25 /* JJTArticleViewController.xib in Resources */ = {isa = PBXBuildFile; fileRef = 9AA1A3A41B64D153007BBA25 /* JJTArticleViewController.xib */; };
		9AA1A3AD1B64D2A3007BBA25 /* JJTArticleTableCell.m in Sources */ = {isa = PBXBuildFile; fileRef = 9AA1A3AB1B64D2A3007BBA25 /* JJTArticleTableCell.m */; };
		9AA1A3AE1B64D2A3007BBA25 /* JJTArticleTableCell.xib in Resources */ = {isa = PBXBuildFile; fileRef = 9AA1A3AC1B64D2A3007BBA25 /* JJTArticleTableCell.xib */; };
		9AA1A3B21B64D4DE007BBA25 /* JJTArticleListTableView.m in Sources */ = {isa = PBXBuildFile; fileRef = 9AA1A3B11B64D4DE007BBA25 /* JJTArticleListTableView.m */; };
		9AA1A3B41B64D4EF007BBA25 /* JJTArticleListTableView.xib in Resources */ = {isa = PBXBuildFile; fileRef = 9AA1A3B31B64D4EF007BBA25 /* JJTArticleListTableView.xib */; };
		9AA1A3B71B64D9C0007BBA25 /* JJUser.xcdatamodeld in Sources */ = {isa = PBXBuildFile; fileRef = 9AA1A3B51B64D9C0007BBA25 /* JJUser.xcdatamodeld */; };
		9AA1A3BE1B64E2BD007BBA25 /* JJTParagraph.m in Sources */ = {isa = PBXBuildFile; fileRef = 9AA1A3BD1B64E2BD007BBA25 /* JJTParagraph.m */; };
		9AA1A3C11B64E2BE007BBA25 /* JJTArticle.m in Sources */ = {isa = PBXBuildFile; fileRef = 9AA1A3C01B64E2BE007BBA25 /* JJTArticle.m */; };
		9AA1A3C41B64E320007BBA25 /* JJTRole.m in Sources */ = {isa = PBXBuildFile; fileRef = 9AA1A3C31B64E320007BBA25 /* JJTRole.m */; };
		9AA1A3C71B64E337007BBA25 /* JJTUser.m in Sources */ = {isa = PBXBuildFile; fileRef = 9AA1A3C61B64E337007BBA25 /* JJTUser.m */; };
		9AA1A3CA1B64E337007BBA25 /* JJTReader.m in Sources */ = {isa = PBXBuildFile; fileRef = 9AA1A3C91B64E337007BBA25 /* JJTReader.m */; };
		9AA1A3CD1B64E337007BBA25 /* JJTAuthor.m in Sources */ = {isa = PBXBuildFile; fileRef = 9AA1A3CC1B64E337007BBA25 /* JJTAuthor.m */; };
		9AA1A3D01B64E337007BBA25 /* JJTEditor.m in Sources */ = {isa = PBXBuildFile; fileRef = 9AA1A3CF1B64E337007BBA25 /* JJTEditor.m */; };
		9AA1A3D41B64E9C4007BBA25 /* NSDate+JJTDate.m in Sources */ = {isa = PBXBuildFile; fileRef = 9AA1A3D31B64E9C4007BBA25 /* NSDate+JJTDate.m */; };
		9AA1A3D81B65263F007BBA25 /* JJTAuthorHeaderView.m in Sources */ = {isa = PBXBuildFile; fileRef = 9AA1A3D71B65263F007BBA25 /* JJTAuthorHeaderView.m */; };
		9AA1A3DA1B65267A007BBA25 /* JJTAuthorHeaderView.xib in Resources */ = {isa = PBXBuildFile; fileRef = 9AA1A3D91B65267A007BBA25 /* JJTAuthorHeaderView.xib */; };
		9AA1A3DD1B6529CF007BBA25 /* JJTRateView.m in Sources */ = {isa = PBXBuildFile; fileRef = 9AA1A3DC1B6529CF007BBA25 /* JJTRateView.m */; };
		9AA1A3DF1B652A4A007BBA25 /* JJTRateView.xib in Resources */ = {isa = PBXBuildFile; fileRef = 9AA1A3DE1B652A4A007BBA25 /* JJTRateView.xib */; };
		9AA1A3E21B652DD5007BBA25 /* JJTArticleTableView.m in Sources */ = {isa = PBXBuildFile; fileRef = 9AA1A3E11B652DD5007BBA25 /* JJTArticleTableView.m */; };
		9AA1A3E41B652DE0007BBA25 /* JJTArticleTableView.xib in Resources */ = {isa = PBXBuildFile; fileRef = 9AA1A3E31B652DE0007BBA25 /* JJTArticleTableView.xib */; };
/* End PBXBuildFile section */

/* Begin PBXContainerItemProxy section */
		9A834F611B5F6D4F005D6E2F /* PBXContainerItemProxy */ = {
			isa = PBXContainerItemProxy;
			containerPortal = 9A834F3C1B5F6D4F005D6E2F /* Project object */;
			proxyType = 1;
			remoteGlobalIDString = 9A834F431B5F6D4F005D6E2F;
			remoteInfo = JJTree;
		};
/* End PBXContainerItemProxy section */

/* Begin PBXFileReference section */
		1ECC9AE29CE3270506B1286D /* Pods.debug.xcconfig */ = {isa = PBXFileReference; includeInIndex = 1; lastKnownFileType = text.xcconfig; name = Pods.debug.xcconfig; path = "Pods/Target Support Files/Pods/Pods.debug.xcconfig"; sourceTree = "<group>"; };
		5A3E9DDCF0F65FA1492EE4A2 /* libPods.a */ = {isa = PBXFileReference; explicitFileType = archive.ar; includeInIndex = 0; path = libPods.a; sourceTree = BUILT_PRODUCTS_DIR; };
		9A28520E1B666C9100C827A5 /* JJTLoginViewController.h */ = {isa = PBXFileReference; fileEncoding = 4; lastKnownFileType = sourcecode.c.h; path = JJTLoginViewController.h; sourceTree = "<group>"; };
		9A28520F1B666C9100C827A5 /* JJTLoginViewController.m */ = {isa = PBXFileReference; fileEncoding = 4; lastKnownFileType = sourcecode.c.objc; path = JJTLoginViewController.m; sourceTree = "<group>"; };
		9A2852101B666C9100C827A5 /* JJTLoginViewController.xib */ = {isa = PBXFileReference; fileEncoding = 4; lastKnownFileType = file.xib; path = JJTLoginViewController.xib; sourceTree = "<group>"; };
		9A2852141B666CAF00C827A5 /* JJTFormTableView.h */ = {isa = PBXFileReference; fileEncoding = 4; lastKnownFileType = sourcecode.c.h; path = JJTFormTableView.h; sourceTree = "<group>"; };
		9A2852151B666CAF00C827A5 /* JJTFormTableView.m */ = {isa = PBXFileReference; fileEncoding = 4; lastKnownFileType = sourcecode.c.objc; path = JJTFormTableView.m; sourceTree = "<group>"; };
		9A2852171B666CBE00C827A5 /* JJTFormTableView.xib */ = {isa = PBXFileReference; fileEncoding = 4; lastKnownFileType = file.xib; path = JJTFormTableView.xib; sourceTree = "<group>"; };
		9A28521A1B666DDC00C827A5 /* JJTFormTableViewCell.h */ = {isa = PBXFileReference; fileEncoding = 4; lastKnownFileType = sourcecode.c.h; path = JJTFormTableViewCell.h; sourceTree = "<group>"; };
		9A28521B1B666DDC00C827A5 /* JJTFormTableViewCell.m */ = {isa = PBXFileReference; fileEncoding = 4; lastKnownFileType = sourcecode.c.objc; path = JJTFormTableViewCell.m; sourceTree = "<group>"; };
		9A28521C1B666DDC00C827A5 /* JJTFormTableViewCell.xib */ = {isa = PBXFileReference; fileEncoding = 4; lastKnownFileType = file.xib; path = JJTFormTableViewCell.xib; sourceTree = "<group>"; };
		9A28521F1B66771500C827A5 /* NSString+JJTString.h */ = {isa = PBXFileReference; fileEncoding = 4; lastKnownFileType = sourcecode.c.h; path = "NSString+JJTString.h"; sourceTree = "<group>"; };
		9A2852201B66771500C827A5 /* NSString+JJTString.m */ = {isa = PBXFileReference; fileEncoding = 4; lastKnownFileType = sourcecode.c.objc; path = "NSString+JJTString.m"; sourceTree = "<group>"; };
		9A2852231B66860400C827A5 /* JJTCreateAccountViewController.h */ = {isa = PBXFileReference; fileEncoding = 4; lastKnownFileType = sourcecode.c.h; path = JJTCreateAccountViewController.h; sourceTree = "<group>"; };
		9A2852241B66860400C827A5 /* JJTCreateAccountViewController.m */ = {isa = PBXFileReference; fileEncoding = 4; lastKnownFileType = sourcecode.c.objc; path = JJTCreateAccountViewController.m; sourceTree = "<group>"; };
		9A2852251B66860400C827A5 /* JJTCreateAccountViewController.xib */ = {isa = PBXFileReference; fileEncoding = 4; lastKnownFileType = file.xib; path = JJTCreateAccountViewController.xib; sourceTree = "<group>"; };
		9A2852291B668CB000C827A5 /* JJTPreferenceViewController.h */ = {isa = PBXFileReference; fileEncoding = 4; lastKnownFileType = sourcecode.c.h; path = JJTPreferenceViewController.h; sourceTree = "<group>"; };
		9A28522A1B668CB000C827A5 /* JJTPreferenceViewController.m */ = {isa = PBXFileReference; fileEncoding = 4; lastKnownFileType = sourcecode.c.objc; path = JJTPreferenceViewController.m; sourceTree = "<group>"; };
		9A28522B1B668CB000C827A5 /* JJTPreferenceViewController.xib */ = {isa = PBXFileReference; fileEncoding = 4; lastKnownFileType = file.xib; path = JJTPreferenceViewController.xib; sourceTree = "<group>"; };
		9A28522F1B66907300C827A5 /* JJTProfileViewController.h */ = {isa = PBXFileReference; fileEncoding = 4; lastKnownFileType = sourcecode.c.h; path = JJTProfileViewController.h; sourceTree = "<group>"; };
		9A2852301B66907300C827A5 /* JJTProfileViewController.m */ = {isa = PBXFileReference; fileEncoding = 4; lastKnownFileType = sourcecode.c.objc; path = JJTProfileViewController.m; sourceTree = "<group>"; };
		9A2852311B66907300C827A5 /* JJTProfileViewController.xib */ = {isa = PBXFileReference; fileEncoding = 4; lastKnownFileType = file.xib; path = JJTProfileViewController.xib; sourceTree = "<group>"; };
		9A29A0481B65370A006FA11B /* JJTPlainTextParagraphTableCell.h */ = {isa = PBXFileReference; fileEncoding = 4; lastKnownFileType = sourcecode.c.h; path = JJTPlainTextParagraphTableCell.h; sourceTree = "<group>"; };
		9A29A0491B65370A006FA11B /* JJTPlainTextParagraphTableCell.m */ = {isa = PBXFileReference; fileEncoding = 4; lastKnownFileType = sourcecode.c.objc; path = JJTPlainTextParagraphTableCell.m; sourceTree = "<group>"; };
		9A29A04A1B65370A006FA11B /* JJTPlainTextParagraphTableCell.xib */ = {isa = PBXFileReference; fileEncoding = 4; lastKnownFileType = file.xib; path = JJTPlainTextParagraphTableCell.xib; sourceTree = "<group>"; };
		9A29A04D1B653A22006FA11B /* JJTBlockParagraphTableViewCell.h */ = {isa = PBXFileReference; fileEncoding = 4; lastKnownFileType = sourcecode.c.h; path = JJTBlockParagraphTableViewCell.h; sourceTree = "<group>"; };
		9A29A04E1B653A22006FA11B /* JJTBlockParagraphTableViewCell.m */ = {isa = PBXFileReference; fileEncoding = 4; lastKnownFileType = sourcecode.c.objc; path = JJTBlockParagraphTableViewCell.m; sourceTree = "<group>"; };
		9A29A04F1B653A22006FA11B /* JJTBlockParagraphTableViewCell.xib */ = {isa = PBXFileReference; fileEncoding = 4; lastKnownFileType = file.xib; path = JJTBlockParagraphTableViewCell.xib; sourceTree = "<group>"; };
		9A29A0521B653B01006FA11B /* JJTPictureParagraphTableViewCell.h */ = {isa = PBXFileReference; fileEncoding = 4; lastKnownFileType = sourcecode.c.h; path = JJTPictureParagraphTableViewCell.h; sourceTree = "<group>"; };
		9A29A0531B653B01006FA11B /* JJTPictureParagraphTableViewCell.m */ = {isa = PBXFileReference; fileEncoding = 4; lastKnownFileType = sourcecode.c.objc; path = JJTPictureParagraphTableViewCell.m; sourceTree = "<group>"; };
		9A29A0541B653B01006FA11B /* JJTPictureParagraphTableViewCell.xib */ = {isa = PBXFileReference; fileEncoding = 4; lastKnownFileType = file.xib; path = JJTPictureParagraphTableViewCell.xib; sourceTree = "<group>"; };
		9A29A0571B65416C006FA11B /* testText.txt */ = {isa = PBXFileReference; fileEncoding = 4; lastKnownFileType = text; path = testText.txt; sourceTree = "<group>"; };
		9A313ADA1B6922890091DA8B /* JJTSearchViewController.h */ = {isa = PBXFileReference; fileEncoding = 4; lastKnownFileType = sourcecode.c.h; path = JJTSearchViewController.h; sourceTree = "<group>"; };
		9A313ADB1B6922890091DA8B /* JJTSearchViewController.m */ = {isa = PBXFileReference; fileEncoding = 4; lastKnownFileType = sourcecode.c.objc; path = JJTSearchViewController.m; sourceTree = "<group>"; };
		9A313ADC1B6922890091DA8B /* JJTSearchViewController.xib */ = {isa = PBXFileReference; fileEncoding = 4; lastKnownFileType = file.xib; path = JJTSearchViewController.xib; sourceTree = "<group>"; };
		9A7F1B8D1B67486900D16E6C /* JJTBlockStyleViewController.h */ = {isa = PBXFileReference; fileEncoding = 4; lastKnownFileType = sourcecode.c.h; path = JJTBlockStyleViewController.h; sourceTree = "<group>"; };
		9A7F1B8E1B67486900D16E6C /* JJTBlockStyleViewController.m */ = {isa = PBXFileReference; fileEncoding = 4; lastKnownFileType = sourcecode.c.objc; path = JJTBlockStyleViewController.m; sourceTree = "<group>"; };
		9A7F1B8F1B67486900D16E6C /* JJTBlockStyleViewController.xib */ = {isa = PBXFileReference; fileEncoding = 4; lastKnownFileType = file.xib; path = JJTBlockStyleViewController.xib; sourceTree = "<group>"; };
		9A7F1B921B674B8300D16E6C /* blockCSS.txt */ = {isa = PBXFileReference; fileEncoding = 4; lastKnownFileType = text; path = blockCSS.txt; sourceTree = "<group>"; };
		9A834F441B5F6D4F005D6E2F /* JJTree.app */ = {isa = PBXFileReference; explicitFileType = wrapper.application; includeInIndex = 0; path = JJTree.app; sourceTree = BUILT_PRODUCTS_DIR; };
		9A834F481B5F6D4F005D6E2F /* Info.plist */ = {isa = PBXFileReference; lastKnownFileType = text.plist.xml; path = Info.plist; sourceTree = "<group>"; };
		9A834F491B5F6D4F005D6E2F /* main.m */ = {isa = PBXFileReference; lastKnownFileType = sourcecode.c.objc; path = main.m; sourceTree = "<group>"; };
		9A834F4B1B5F6D4F005D6E2F /* AppDelegate.h */ = {isa = PBXFileReference; lastKnownFileType = sourcecode.c.h; path = AppDelegate.h; sourceTree = "<group>"; };
		9A834F4C1B5F6D4F005D6E2F /* AppDelegate.m */ = {isa = PBXFileReference; lastKnownFileType = sourcecode.c.objc; path = AppDelegate.m; sourceTree = "<group>"; };
		9A834F4F1B5F6D4F005D6E2F /* JJTree.xcdatamodel */ = {isa = PBXFileReference; lastKnownFileType = wrapper.xcdatamodel; path = JJTree.xcdatamodel; sourceTree = "<group>"; };
		9A834F511B5F6D4F005D6E2F /* JJTArticleListViewController.h */ = {isa = PBXFileReference; lastKnownFileType = sourcecode.c.h; path = JJTArticleListViewController.h; sourceTree = "<group>"; };
		9A834F521B5F6D4F005D6E2F /* JJTArticleListViewController.m */ = {isa = PBXFileReference; lastKnownFileType = sourcecode.c.objc; path = JJTArticleListViewController.m; sourceTree = "<group>"; };
		9A834F551B5F6D4F005D6E2F /* Base */ = {isa = PBXFileReference; lastKnownFileType = file.storyboard; name = Base; path = Base.lproj/Main.storyboard; sourceTree = "<group>"; };
		9A834F571B5F6D4F005D6E2F /* Images.xcassets */ = {isa = PBXFileReference; lastKnownFileType = folder.assetcatalog; path = Images.xcassets; sourceTree = "<group>"; };
		9A834F5A1B5F6D4F005D6E2F /* Base */ = {isa = PBXFileReference; lastKnownFileType = file.xib; name = Base; path = Base.lproj/LaunchScreen.xib; sourceTree = "<group>"; };
		9A834F601B5F6D4F005D6E2F /* JJTreeTests.xctest */ = {isa = PBXFileReference; explicitFileType = wrapper.cfbundle; includeInIndex = 0; path = JJTreeTests.xctest; sourceTree = BUILT_PRODUCTS_DIR; };
		9A834F651B5F6D4F005D6E2F /* Info.plist */ = {isa = PBXFileReference; lastKnownFileType = text.plist.xml; path = Info.plist; sourceTree = "<group>"; };
		9A834F661B5F6D4F005D6E2F /* JJTreeTests.m */ = {isa = PBXFileReference; lastKnownFileType = sourcecode.c.objc; path = JJTreeTests.m; sourceTree = "<group>"; };
		9A9271001B67B20600901A71 /* JJTAuthorViewController.h */ = {isa = PBXFileReference; fileEncoding = 4; lastKnownFileType = sourcecode.c.h; path = JJTAuthorViewController.h; sourceTree = "<group>"; };
		9A9271011B67B20600901A71 /* JJTAuthorViewController.m */ = {isa = PBXFileReference; fileEncoding = 4; lastKnownFileType = sourcecode.c.objc; path = JJTAuthorViewController.m; sourceTree = "<group>"; };
		9A9271021B67B20600901A71 /* JJTAuthorViewController.xib */ = {isa = PBXFileReference; fileEncoding = 4; lastKnownFileType = file.xib; path = JJTAuthorViewController.xib; sourceTree = "<group>"; };
		9A9271061B67B29600901A71 /* JJTAuthorHeader.h */ = {isa = PBXFileReference; fileEncoding = 4; lastKnownFileType = sourcecode.c.h; path = JJTAuthorHeader.h; sourceTree = "<group>"; };
		9A9271071B67B29600901A71 /* JJTAuthorHeader.m */ = {isa = PBXFileReference; fileEncoding = 4; lastKnownFileType = sourcecode.c.objc; path = JJTAuthorHeader.m; sourceTree = "<group>"; };
		9A9271091B67B2A200901A71 /* JJTAuthorHeader.xib */ = {isa = PBXFileReference; fileEncoding = 4; lastKnownFileType = file.xib; path = JJTAuthorHeader.xib; sourceTree = "<group>"; };
		9A92710B1B67BA3A00901A71 /* JJTAuthorTableView.h */ = {isa = PBXFileReference; fileEncoding = 4; lastKnownFileType = sourcecode.c.h; path = JJTAuthorTableView.h; sourceTree = "<group>"; };
		9A92710C1B67BA3A00901A71 /* JJTAuthorTableView.m */ = {isa = PBXFileReference; fileEncoding = 4; lastKnownFileType = sourcecode.c.objc; path = JJTAuthorTableView.m; sourceTree = "<group>"; };
		9A92710E1B67BA4700901A71 /* JJTAuthorTableView.xib */ = {isa = PBXFileReference; fileEncoding = 4; lastKnownFileType = file.xib; path = JJTAuthorTableView.xib; sourceTree = "<group>"; };
		9A9271101B67D49400901A71 /* JJTBlockWebView.h */ = {isa = PBXFileReference; fileEncoding = 4; lastKnownFileType = sourcecode.c.h; path = JJTBlockWebView.h; sourceTree = "<group>"; };
		9A9271111B67D49400901A71 /* JJTBlockWebView.m */ = {isa = PBXFileReference; fileEncoding = 4; lastKnownFileType = sourcecode.c.objc; path = JJTBlockWebView.m; sourceTree = "<group>"; };
		9A9271131B67D4A200901A71 /* JJTBlockWebView.xib */ = {isa = PBXFileReference; fileEncoding = 4; lastKnownFileType = file.xib; path = JJTBlockWebView.xib; sourceTree = "<group>"; };
		9A9271151B67D57D00901A71 /* JJTBlockLineTableViewCell.h */ = {isa = PBXFileReference; fileEncoding = 4; lastKnownFileType = sourcecode.c.h; path = JJTBlockLineTableViewCell.h; sourceTree = "<group>"; };
		9A9271161B67D57D00901A71 /* JJTBlockLineTableViewCell.m */ = {isa = PBXFileReference; fileEncoding = 4; lastKnownFileType = sourcecode.c.objc; path = JJTBlockLineTableViewCell.m; sourceTree = "<group>"; };
		9A9271171B67D57D00901A71 /* JJTBlockLineTableViewCell.xib */ = {isa = PBXFileReference; fileEncoding = 4; lastKnownFileType = file.xib; path = JJTBlockLineTableViewCell.xib; sourceTree = "<group>"; };
		9AA1A3A21B64D153007BBA25 /* JJTArticleViewController.h */ = {isa = PBXFileReference; fileEncoding = 4; lastKnownFileType = sourcecode.c.h; path = JJTArticleViewController.h; sourceTree = "<group>"; };
		9AA1A3A31B64D153007BBA25 /* JJTArticleViewController.m */ = {isa = PBXFileReference; fileEncoding = 4; lastKnownFileType = sourcecode.c.objc; path = JJTArticleViewController.m; sourceTree = "<group>"; };
		9AA1A3A41B64D153007BBA25 /* JJTArticleViewController.xib */ = {isa = PBXFileReference; fileEncoding = 4; lastKnownFileType = file.xib; path = JJTArticleViewController.xib; sourceTree = "<group>"; };
		9AA1A3AA1B64D2A3007BBA25 /* JJTArticleTableCell.h */ = {isa = PBXFileReference; fileEncoding = 4; lastKnownFileType = sourcecode.c.h; path = JJTArticleTableCell.h; sourceTree = "<group>"; };
		9AA1A3AB1B64D2A3007BBA25 /* JJTArticleTableCell.m */ = {isa = PBXFileReference; fileEncoding = 4; lastKnownFileType = sourcecode.c.objc; path = JJTArticleTableCell.m; sourceTree = "<group>"; };
		9AA1A3AC1B64D2A3007BBA25 /* JJTArticleTableCell.xib */ = {isa = PBXFileReference; fileEncoding = 4; lastKnownFileType = file.xib; path = JJTArticleTableCell.xib; sourceTree = "<group>"; };
		9AA1A3B01B64D4DE007BBA25 /* JJTArticleListTableView.h */ = {isa = PBXFileReference; fileEncoding = 4; lastKnownFileType = sourcecode.c.h; path = JJTArticleListTableView.h; sourceTree = "<group>"; };
		9AA1A3B11B64D4DE007BBA25 /* JJTArticleListTableView.m */ = {isa = PBXFileReference; fileEncoding = 4; lastKnownFileType = sourcecode.c.objc; path = JJTArticleListTableView.m; sourceTree = "<group>"; };
		9AA1A3B31B64D4EF007BBA25 /* JJTArticleListTableView.xib */ = {isa = PBXFileReference; fileEncoding = 4; lastKnownFileType = file.xib; path = JJTArticleListTableView.xib; sourceTree = "<group>"; };
		9AA1A3B61B64D9C0007BBA25 /* JJUser.xcdatamodel */ = {isa = PBXFileReference; lastKnownFileType = wrapper.xcdatamodel; path = JJUser.xcdatamodel; sourceTree = "<group>"; };
		9AA1A3BC1B64E2BD007BBA25 /* JJTParagraph.h */ = {isa = PBXFileReference; fileEncoding = 4; lastKnownFileType = sourcecode.c.h; path = JJTParagraph.h; sourceTree = "<group>"; };
		9AA1A3BD1B64E2BD007BBA25 /* JJTParagraph.m */ = {isa = PBXFileReference; fileEncoding = 4; lastKnownFileType = sourcecode.c.objc; path = JJTParagraph.m; sourceTree = "<group>"; };
		9AA1A3BF1B64E2BE007BBA25 /* JJTArticle.h */ = {isa = PBXFileReference; fileEncoding = 4; lastKnownFileType = sourcecode.c.h; path = JJTArticle.h; sourceTree = "<group>"; };
		9AA1A3C01B64E2BE007BBA25 /* JJTArticle.m */ = {isa = PBXFileReference; fileEncoding = 4; lastKnownFileType = sourcecode.c.objc; path = JJTArticle.m; sourceTree = "<group>"; };
		9AA1A3C21B64E320007BBA25 /* JJTRole.h */ = {isa = PBXFileReference; fileEncoding = 4; lastKnownFileType = sourcecode.c.h; path = JJTRole.h; sourceTree = "<group>"; };
		9AA1A3C31B64E320007BBA25 /* JJTRole.m */ = {isa = PBXFileReference; fileEncoding = 4; lastKnownFileType = sourcecode.c.objc; path = JJTRole.m; sourceTree = "<group>"; };
		9AA1A3C51B64E337007BBA25 /* JJTUser.h */ = {isa = PBXFileReference; fileEncoding = 4; lastKnownFileType = sourcecode.c.h; path = JJTUser.h; sourceTree = "<group>"; };
		9AA1A3C61B64E337007BBA25 /* JJTUser.m */ = {isa = PBXFileReference; fileEncoding = 4; lastKnownFileType = sourcecode.c.objc; path = JJTUser.m; sourceTree = "<group>"; };
		9AA1A3C81B64E337007BBA25 /* JJTReader.h */ = {isa = PBXFileReference; fileEncoding = 4; lastKnownFileType = sourcecode.c.h; path = JJTReader.h; sourceTree = "<group>"; };
		9AA1A3C91B64E337007BBA25 /* JJTReader.m */ = {isa = PBXFileReference; fileEncoding = 4; lastKnownFileType = sourcecode.c.objc; path = JJTReader.m; sourceTree = "<group>"; };
		9AA1A3CB1B64E337007BBA25 /* JJTAuthor.h */ = {isa = PBXFileReference; fileEncoding = 4; lastKnownFileType = sourcecode.c.h; path = JJTAuthor.h; sourceTree = "<group>"; };
		9AA1A3CC1B64E337007BBA25 /* JJTAuthor.m */ = {isa = PBXFileReference; fileEncoding = 4; lastKnownFileType = sourcecode.c.objc; path = JJTAuthor.m; sourceTree = "<group>"; };
		9AA1A3CE1B64E337007BBA25 /* JJTEditor.h */ = {isa = PBXFileReference; fileEncoding = 4; lastKnownFileType = sourcecode.c.h; path = JJTEditor.h; sourceTree = "<group>"; };
		9AA1A3CF1B64E337007BBA25 /* JJTEditor.m */ = {isa = PBXFileReference; fileEncoding = 4; lastKnownFileType = sourcecode.c.objc; path = JJTEditor.m; sourceTree = "<group>"; };
		9AA1A3D21B64E9C4007BBA25 /* NSDate+JJTDate.h */ = {isa = PBXFileReference; fileEncoding = 4; lastKnownFileType = sourcecode.c.h; path = "NSDate+JJTDate.h"; sourceTree = "<group>"; };
		9AA1A3D31B64E9C4007BBA25 /* NSDate+JJTDate.m */ = {isa = PBXFileReference; fileEncoding = 4; lastKnownFileType = sourcecode.c.objc; path = "NSDate+JJTDate.m"; sourceTree = "<group>"; };
		9AA1A3D61B65263F007BBA25 /* JJTAuthorHeaderView.h */ = {isa = PBXFileReference; fileEncoding = 4; lastKnownFileType = sourcecode.c.h; path = JJTAuthorHeaderView.h; sourceTree = "<group>"; };
		9AA1A3D71B65263F007BBA25 /* JJTAuthorHeaderView.m */ = {isa = PBXFileReference; fileEncoding = 4; lastKnownFileType = sourcecode.c.objc; path = JJTAuthorHeaderView.m; sourceTree = "<group>"; };
		9AA1A3D91B65267A007BBA25 /* JJTAuthorHeaderView.xib */ = {isa = PBXFileReference; fileEncoding = 4; lastKnownFileType = file.xib; path = JJTAuthorHeaderView.xib; sourceTree = "<group>"; };
		9AA1A3DB1B6529CF007BBA25 /* JJTRateView.h */ = {isa = PBXFileReference; fileEncoding = 4; lastKnownFileType = sourcecode.c.h; path = JJTRateView.h; sourceTree = "<group>"; };
		9AA1A3DC1B6529CF007BBA25 /* JJTRateView.m */ = {isa = PBXFileReference; fileEncoding = 4; lastKnownFileType = sourcecode.c.objc; path = JJTRateView.m; sourceTree = "<group>"; };
		9AA1A3DE1B652A4A007BBA25 /* JJTRateView.xib */ = {isa = PBXFileReference; fileEncoding = 4; lastKnownFileType = file.xib; path = JJTRateView.xib; sourceTree = "<group>"; };
		9AA1A3E01B652DD5007BBA25 /* JJTArticleTableView.h */ = {isa = PBXFileReference; fileEncoding = 4; lastKnownFileType = sourcecode.c.h; path = JJTArticleTableView.h; sourceTree = "<group>"; };
		9AA1A3E11B652DD5007BBA25 /* JJTArticleTableView.m */ = {isa = PBXFileReference; fileEncoding = 4; lastKnownFileType = sourcecode.c.objc; path = JJTArticleTableView.m; sourceTree = "<group>"; };
		9AA1A3E31B652DE0007BBA25 /* JJTArticleTableView.xib */ = {isa = PBXFileReference; fileEncoding = 4; lastKnownFileType = file.xib; path = JJTArticleTableView.xib; sourceTree = "<group>"; };
		B4DAFD98FB8B5FA0354A2A2E /* Pods.release.xcconfig */ = {isa = PBXFileReference; includeInIndex = 1; lastKnownFileType = text.xcconfig; name = Pods.release.xcconfig; path = "Pods/Target Support Files/Pods/Pods.release.xcconfig"; sourceTree = "<group>"; };
/* End PBXFileReference section */

/* Begin PBXFrameworksBuildPhase section */
		9A834F411B5F6D4F005D6E2F /* Frameworks */ = {
			isa = PBXFrameworksBuildPhase;
			buildActionMask = 2147483647;
			files = (
				2845C02480D7EE171EF4C73C /* libPods.a in Frameworks */,
			);
			runOnlyForDeploymentPostprocessing = 0;
		};
		9A834F5D1B5F6D4F005D6E2F /* Frameworks */ = {
			isa = PBXFrameworksBuildPhase;
			buildActionMask = 2147483647;
			files = (
			);
			runOnlyForDeploymentPostprocessing = 0;
		};
/* End PBXFrameworksBuildPhase section */

/* Begin PBXGroup section */
		4B3D61A468E2D61878529218 /* Frameworks */ = {
			isa = PBXGroup;
			children = (
				5A3E9DDCF0F65FA1492EE4A2 /* libPods.a */,
			);
			name = Frameworks;
			sourceTree = "<group>";
		};
		7046A88F246DE40F9B061CC6 /* Pods */ = {
			isa = PBXGroup;
			children = (
				1ECC9AE29CE3270506B1286D /* Pods.debug.xcconfig */,
				B4DAFD98FB8B5FA0354A2A2E /* Pods.release.xcconfig */,
			);
			name = Pods;
			sourceTree = "<group>";
		};
		9A28520D1B666C6000C827A5 /* JJTLogin */ = {
			isa = PBXGroup;
			children = (
				9A28520E1B666C9100C827A5 /* JJTLoginViewController.h */,
				9A28520F1B666C9100C827A5 /* JJTLoginViewController.m */,
				9A2852101B666C9100C827A5 /* JJTLoginViewController.xib */,
				9A2852131B666C9B00C827A5 /* Views */,
			);
			name = JJTLogin;
			sourceTree = "<group>";
		};
		9A2852131B666C9B00C827A5 /* Views */ = {
			isa = PBXGroup;
			children = (
				9A2852141B666CAF00C827A5 /* JJTFormTableView.h */,
				9A2852151B666CAF00C827A5 /* JJTFormTableView.m */,
				9A2852171B666CBE00C827A5 /* JJTFormTableView.xib */,
				9A2852191B666DC000C827A5 /* Cells */,
			);
			name = Views;
			sourceTree = "<group>";
		};
		9A2852191B666DC000C827A5 /* Cells */ = {
			isa = PBXGroup;
			children = (
				9A28521A1B666DDC00C827A5 /* JJTFormTableViewCell.h */,
				9A28521B1B666DDC00C827A5 /* JJTFormTableViewCell.m */,
				9A28521C1B666DDC00C827A5 /* JJTFormTableViewCell.xib */,
			);
			name = Cells;
			sourceTree = "<group>";
		};
		9A2852221B6685D000C827A5 /* JJTRegister */ = {
			isa = PBXGroup;
			children = (
				9A2852231B66860400C827A5 /* JJTCreateAccountViewController.h */,
				9A2852241B66860400C827A5 /* JJTCreateAccountViewController.m */,
				9A2852251B66860400C827A5 /* JJTCreateAccountViewController.xib */,
			);
			name = JJTRegister;
			sourceTree = "<group>";
		};
		9A2852281B668C9D00C827A5 /* JJTPreference */ = {
			isa = PBXGroup;
			children = (
				9A2852291B668CB000C827A5 /* JJTPreferenceViewController.h */,
				9A28522A1B668CB000C827A5 /* JJTPreferenceViewController.m */,
				9A28522B1B668CB000C827A5 /* JJTPreferenceViewController.xib */,
			);
			name = JJTPreference;
			sourceTree = "<group>";
		};
		9A28522E1B66904F00C827A5 /* JJTMe */ = {
			isa = PBXGroup;
			children = (
				9A28522F1B66907300C827A5 /* JJTProfileViewController.h */,
				9A2852301B66907300C827A5 /* JJTProfileViewController.m */,
				9A2852311B66907300C827A5 /* JJTProfileViewController.xib */,
			);
			name = JJTMe;
			sourceTree = "<group>";
		};
		9A29A0471B652F2F006FA11B /* Cells */ = {
			isa = PBXGroup;
			children = (
				9A9271151B67D57D00901A71 /* JJTBlockLineTableViewCell.h */,
				9A9271161B67D57D00901A71 /* JJTBlockLineTableViewCell.m */,
				9A9271171B67D57D00901A71 /* JJTBlockLineTableViewCell.xib */,
				9A29A0481B65370A006FA11B /* JJTPlainTextParagraphTableCell.h */,
				9A29A0491B65370A006FA11B /* JJTPlainTextParagraphTableCell.m */,
				9A29A04A1B65370A006FA11B /* JJTPlainTextParagraphTableCell.xib */,
				9A29A04D1B653A22006FA11B /* JJTBlockParagraphTableViewCell.h */,
				9A29A04E1B653A22006FA11B /* JJTBlockParagraphTableViewCell.m */,
				9A29A04F1B653A22006FA11B /* JJTBlockParagraphTableViewCell.xib */,
				9A29A0521B653B01006FA11B /* JJTPictureParagraphTableViewCell.h */,
				9A29A0531B653B01006FA11B /* JJTPictureParagraphTableViewCell.m */,
				9A29A0541B653B01006FA11B /* JJTPictureParagraphTableViewCell.xib */,
			);
			name = Cells;
			sourceTree = "<group>";
		};
		9A313AD91B69226E0091DA8B /* JJTSearch */ = {
			isa = PBXGroup;
			children = (
				9A313ADA1B6922890091DA8B /* JJTSearchViewController.h */,
				9A313ADB1B6922890091DA8B /* JJTSearchViewController.m */,
				9A313ADC1B6922890091DA8B /* JJTSearchViewController.xib */,
			);
			name = JJTSearch;
			sourceTree = "<group>";
		};
		9A7F1B8C1B67484700D16E6C /* JJTBlockStyle */ = {
			isa = PBXGroup;
			children = (
				9A7F1B8D1B67486900D16E6C /* JJTBlockStyleViewController.h */,
				9A7F1B8E1B67486900D16E6C /* JJTBlockStyleViewController.m */,
				9A7F1B8F1B67486900D16E6C /* JJTBlockStyleViewController.xib */,
				9A7F1B921B674B8300D16E6C /* blockCSS.txt */,
			);
			name = JJTBlockStyle;
			sourceTree = "<group>";
		};
		9A834F3B1B5F6D4F005D6E2F = {
			isa = PBXGroup;
			children = (
				9A834F461B5F6D4F005D6E2F /* JJTree */,
				9A834F631B5F6D4F005D6E2F /* JJTreeTests */,
				9A834F451B5F6D4F005D6E2F /* Products */,
				7046A88F246DE40F9B061CC6 /* Pods */,
				4B3D61A468E2D61878529218 /* Frameworks */,
			);
			sourceTree = "<group>";
		};
		9A834F451B5F6D4F005D6E2F /* Products */ = {
			isa = PBXGroup;
			children = (
				9A834F441B5F6D4F005D6E2F /* JJTree.app */,
				9A834F601B5F6D4F005D6E2F /* JJTreeTests.xctest */,
			);
			name = Products;
			sourceTree = "<group>";
		};
		9A834F461B5F6D4F005D6E2F /* JJTree */ = {
			isa = PBXGroup;
			children = (
				9A866C981B5FE6B400258146 /* Vendor */,
				9A834F4B1B5F6D4F005D6E2F /* AppDelegate.h */,
				9A834F4C1B5F6D4F005D6E2F /* AppDelegate.m */,
				9A28521F1B66771500C827A5 /* NSString+JJTString.h */,
				9A2852201B66771500C827A5 /* NSString+JJTString.m */,
				9A28520D1B666C6000C827A5 /* JJTLogin */,
				9A2852221B6685D000C827A5 /* JJTRegister */,
				9AA1A3A71B64D189007BBA25 /* JJTArticleList */,
				9AA1A3A81B64D19B007BBA25 /* JJTArticle */,
				9A2852281B668C9D00C827A5 /* JJTPreference */,
				9A28522E1B66904F00C827A5 /* JJTMe */,
				9A7F1B8C1B67484700D16E6C /* JJTBlockStyle */,
				9A9270FF1B67B1E800901A71 /* JJTAuthor */,
				9A313AD91B69226E0091DA8B /* JJTSearch */,
				9A834F571B5F6D4F005D6E2F /* Images.xcassets */,
				9A834F591B5F6D4F005D6E2F /* LaunchScreen.xib */,
				9A834F4E1B5F6D4F005D6E2F /* JJTree.xcdatamodeld */,
				9AA1A3B51B64D9C0007BBA25 /* JJUser.xcdatamodeld */,
				9A834F471B5F6D4F005D6E2F /* Supporting Files */,
			);
			path = JJTree;
			sourceTree = "<group>";
		};
		9A834F471B5F6D4F005D6E2F /* Supporting Files */ = {
			isa = PBXGroup;
			children = (
				9A834F481B5F6D4F005D6E2F /* Info.plist */,
				9A834F491B5F6D4F005D6E2F /* main.m */,
			);
			name = "Supporting Files";
			sourceTree = "<group>";
		};
		9A834F631B5F6D4F005D6E2F /* JJTreeTests */ = {
			isa = PBXGroup;
			children = (
				9A834F661B5F6D4F005D6E2F /* JJTreeTests.m */,
				9A834F641B5F6D4F005D6E2F /* Supporting Files */,
			);
			path = JJTreeTests;
			sourceTree = "<group>";
		};
		9A834F641B5F6D4F005D6E2F /* Supporting Files */ = {
			isa = PBXGroup;
			children = (
				9A834F651B5F6D4F005D6E2F /* Info.plist */,
			);
			name = "Supporting Files";
			sourceTree = "<group>";
		};
		9A866C981B5FE6B400258146 /* Vendor */ = {
			isa = PBXGroup;
			children = (
			);
			name = Vendor;
			path = ../Vendor;
			sourceTree = "<group>";
		};
		9A9270FF1B67B1E800901A71 /* JJTAuthor */ = {
			isa = PBXGroup;
			children = (
				9A9271001B67B20600901A71 /* JJTAuthorViewController.h */,
				9A9271011B67B20600901A71 /* JJTAuthorViewController.m */,
				9A9271021B67B20600901A71 /* JJTAuthorViewController.xib */,
				9A9271051B67B27800901A71 /* Views */,
			);
			name = JJTAuthor;
			sourceTree = "<group>";
		};
		9A9271051B67B27800901A71 /* Views */ = {
			isa = PBXGroup;
			children = (
				9A9271061B67B29600901A71 /* JJTAuthorHeader.h */,
				9A9271071B67B29600901A71 /* JJTAuthorHeader.m */,
				9A9271091B67B2A200901A71 /* JJTAuthorHeader.xib */,
				9A92710B1B67BA3A00901A71 /* JJTAuthorTableView.h */,
				9A92710C1B67BA3A00901A71 /* JJTAuthorTableView.m */,
				9A92710E1B67BA4700901A71 /* JJTAuthorTableView.xib */,
			);
			name = Views;
			sourceTree = "<group>";
		};
		9AA1A3A71B64D189007BBA25 /* JJTArticleList */ = {
			isa = PBXGroup;
			children = (
				9A834F511B5F6D4F005D6E2F /* JJTArticleListViewController.h */,
				9A834F521B5F6D4F005D6E2F /* JJTArticleListViewController.m */,
				9A834F541B5F6D4F005D6E2F /* Main.storyboard */,
				9AA1A3D11B64E9B1007BBA25 /* Utilities */,
				9AA1A3B81B64E21B007BBA25 /* Entities */,
				9AA1A3A91B64D26F007BBA25 /* Views */,
			);
			name = JJTArticleList;
			sourceTree = "<group>";
		};
		9AA1A3A81B64D19B007BBA25 /* JJTArticle */ = {
			isa = PBXGroup;
			children = (
				9AA1A3A21B64D153007BBA25 /* JJTArticleViewController.h */,
				9AA1A3A31B64D153007BBA25 /* JJTArticleViewController.m */,
				9AA1A3A41B64D153007BBA25 /* JJTArticleViewController.xib */,
				9A29A0571B65416C006FA11B /* testText.txt */,
				9AA1A3D51B652621007BBA25 /* Views */,
			);
			name = JJTArticle;
			sourceTree = "<group>";
		};
		9AA1A3A91B64D26F007BBA25 /* Views */ = {
			isa = PBXGroup;
			children = (
				9AA1A3AA1B64D2A3007BBA25 /* JJTArticleTableCell.h */,
				9AA1A3AB1B64D2A3007BBA25 /* JJTArticleTableCell.m */,
				9AA1A3AC1B64D2A3007BBA25 /* JJTArticleTableCell.xib */,
				9AA1A3B01B64D4DE007BBA25 /* JJTArticleListTableView.h */,
				9AA1A3B11B64D4DE007BBA25 /* JJTArticleListTableView.m */,
				9AA1A3B31B64D4EF007BBA25 /* JJTArticleListTableView.xib */,
			);
			name = Views;
			sourceTree = "<group>";
		};
		9AA1A3B81B64E21B007BBA25 /* Entities */ = {
			isa = PBXGroup;
			children = (
				9AA1A3BF1B64E2BE007BBA25 /* JJTArticle.h */,
				9AA1A3C01B64E2BE007BBA25 /* JJTArticle.m */,
				9AA1A3BC1B64E2BD007BBA25 /* JJTParagraph.h */,
				9AA1A3BD1B64E2BD007BBA25 /* JJTParagraph.m */,
				9AA1A3C21B64E320007BBA25 /* JJTRole.h */,
				9AA1A3C31B64E320007BBA25 /* JJTRole.m */,
				9AA1A3CE1B64E337007BBA25 /* JJTEditor.h */,
				9AA1A3CF1B64E337007BBA25 /* JJTEditor.m */,
				9AA1A3CB1B64E337007BBA25 /* JJTAuthor.h */,
				9AA1A3CC1B64E337007BBA25 /* JJTAuthor.m */,
				9AA1A3C81B64E337007BBA25 /* JJTReader.h */,
				9AA1A3C91B64E337007BBA25 /* JJTReader.m */,
				9AA1A3C51B64E337007BBA25 /* JJTUser.h */,
				9AA1A3C61B64E337007BBA25 /* JJTUser.m */,
			);
			name = Entities;
			sourceTree = "<group>";
		};
		9AA1A3D11B64E9B1007BBA25 /* Utilities */ = {
			isa = PBXGroup;
			children = (
				9AA1A3D21B64E9C4007BBA25 /* NSDate+JJTDate.h */,
				9AA1A3D31B64E9C4007BBA25 /* NSDate+JJTDate.m */,
			);
			name = Utilities;
			sourceTree = "<group>";
		};
		9AA1A3D51B652621007BBA25 /* Views */ = {
			isa = PBXGroup;
			children = (
				9AA1A3D61B65263F007BBA25 /* JJTAuthorHeaderView.h */,
				9AA1A3D71B65263F007BBA25 /* JJTAuthorHeaderView.m */,
				9AA1A3D91B65267A007BBA25 /* JJTAuthorHeaderView.xib */,
				9AA1A3E01B652DD5007BBA25 /* JJTArticleTableView.h */,
				9AA1A3E11B652DD5007BBA25 /* JJTArticleTableView.m */,
				9AA1A3E31B652DE0007BBA25 /* JJTArticleTableView.xib */,
				9AA1A3DB1B6529CF007BBA25 /* JJTRateView.h */,
				9AA1A3DC1B6529CF007BBA25 /* JJTRateView.m */,
				9AA1A3DE1B652A4A007BBA25 /* JJTRateView.xib */,
				9A9271101B67D49400901A71 /* JJTBlockWebView.h */,
				9A9271111B67D49400901A71 /* JJTBlockWebView.m */,
				9A9271131B67D4A200901A71 /* JJTBlockWebView.xib */,
				9A29A0471B652F2F006FA11B /* Cells */,
			);
			name = Views;
			sourceTree = "<group>";
		};
/* End PBXGroup section */

/* Begin PBXNativeTarget section */
		9A834F431B5F6D4F005D6E2F /* JJTree */ = {
			isa = PBXNativeTarget;
			buildConfigurationList = 9A834F6A1B5F6D4F005D6E2F /* Build configuration list for PBXNativeTarget "JJTree" */;
			buildPhases = (
				7D8F3C26B40C2C83ACD8F6EC /* Check Pods Manifest.lock */,
				9A834F401B5F6D4F005D6E2F /* Sources */,
				9A834F411B5F6D4F005D6E2F /* Frameworks */,
				9A834F421B5F6D4F005D6E2F /* Resources */,
				C5325CE702E1AB472A5FC086 /* Copy Pods Resources */,
			);
			buildRules = (
			);
			dependencies = (
			);
			name = JJTree;
			productName = JJTree;
			productReference = 9A834F441B5F6D4F005D6E2F /* JJTree.app */;
			productType = "com.apple.product-type.application";
		};
		9A834F5F1B5F6D4F005D6E2F /* JJTreeTests */ = {
			isa = PBXNativeTarget;
			buildConfigurationList = 9A834F6D1B5F6D4F005D6E2F /* Build configuration list for PBXNativeTarget "JJTreeTests" */;
			buildPhases = (
				9A834F5C1B5F6D4F005D6E2F /* Sources */,
				9A834F5D1B5F6D4F005D6E2F /* Frameworks */,
				9A834F5E1B5F6D4F005D6E2F /* Resources */,
			);
			buildRules = (
			);
			dependencies = (
				9A834F621B5F6D4F005D6E2F /* PBXTargetDependency */,
			);
			name = JJTreeTests;
			productName = JJTreeTests;
			productReference = 9A834F601B5F6D4F005D6E2F /* JJTreeTests.xctest */;
			productType = "com.apple.product-type.bundle.unit-test";
		};
/* End PBXNativeTarget section */

/* Begin PBXProject section */
		9A834F3C1B5F6D4F005D6E2F /* Project object */ = {
			isa = PBXProject;
			attributes = {
				CLASSPREFIX = JJT;
				LastUpgradeCheck = 0640;
				ORGANIZATIONNAME = guojunxu;
				TargetAttributes = {
					9A834F431B5F6D4F005D6E2F = {
						CreatedOnToolsVersion = 6.4;
					};
					9A834F5F1B5F6D4F005D6E2F = {
						CreatedOnToolsVersion = 6.4;
						TestTargetID = 9A834F431B5F6D4F005D6E2F;
					};
				};
			};
			buildConfigurationList = 9A834F3F1B5F6D4F005D6E2F /* Build configuration list for PBXProject "JJTree" */;
			compatibilityVersion = "Xcode 3.2";
			developmentRegion = English;
			hasScannedForEncodings = 0;
			knownRegions = (
				en,
				Base,
			);
			mainGroup = 9A834F3B1B5F6D4F005D6E2F;
			productRefGroup = 9A834F451B5F6D4F005D6E2F /* Products */;
			projectDirPath = "";
			projectRoot = "";
			targets = (
				9A834F431B5F6D4F005D6E2F /* JJTree */,
				9A834F5F1B5F6D4F005D6E2F /* JJTreeTests */,
			);
		};
/* End PBXProject section */

/* Begin PBXResourcesBuildPhase section */
		9A834F421B5F6D4F005D6E2F /* Resources */ = {
			isa = PBXResourcesBuildPhase;
			buildActionMask = 2147483647;
			files = (
				9A9271141B67D4A200901A71 /* JJTBlockWebView.xib in Resources */,
				9A28522D1B668CB000C827A5 /* JJTPreferenceViewController.xib in Resources */,
				9A92710A1B67B2A200901A71 /* JJTAuthorHeader.xib in Resources */,
				9AA1A3A61B64D153007BBA25 /* JJTArticleViewController.xib in Resources */,
				9A2852331B66907300C827A5 /* JJTProfileViewController.xib in Resources */,
				9A29A0511B653A22006FA11B /* JJTBlockParagraphTableViewCell.xib in Resources */,
				9A92710F1B67BA4700901A71 /* JJTAuthorTableView.xib in Resources */,
				9A2852271B66860400C827A5 /* JJTCreateAccountViewController.xib in Resources */,
				9A834F561B5F6D4F005D6E2F /* Main.storyboard in Resources */,
				9AA1A3DA1B65267A007BBA25 /* JJTAuthorHeaderView.xib in Resources */,
				9A834F5B1B5F6D4F005D6E2F /* LaunchScreen.xib in Resources */,
				9A9271041B67B20600901A71 /* JJTAuthorViewController.xib in Resources */,
				9A834F581B5F6D4F005D6E2F /* Images.xcassets in Resources */,
				9A29A0581B65416C006FA11B /* testText.txt in Resources */,
				9A2852121B666C9100C827A5 /* JJTLoginViewController.xib in Resources */,
				9A28521E1B666DDC00C827A5 /* JJTFormTableViewCell.xib in Resources */,
				9A2852181B666CBE00C827A5 /* JJTFormTableView.xib in Resources */,
				9AA1A3AE1B64D2A3007BBA25 /* JJTArticleTableCell.xib in Resources */,
				9AA1A3B41B64D4EF007BBA25 /* JJTArticleListTableView.xib in Resources */,
				9A7F1B931B674B8300D16E6C /* blockCSS.txt in Resources */,
				9AA1A3DF1B652A4A007BBA25 /* JJTRateView.xib in Resources */,
				9A29A04C1B65370A006FA11B /* JJTPlainTextParagraphTableCell.xib in Resources */,
				9A29A0561B653B01006FA11B /* JJTPictureParagraphTableViewCell.xib in Resources */,
				9AA1A3E41B652DE0007BBA25 /* JJTArticleTableView.xib in Resources */,
				9A9271191B67D57D00901A71 /* JJTBlockLineTableViewCell.xib in Resources */,
				9A313ADE1B6922890091DA8B /* JJTSearchViewController.xib in Resources */,
				9A7F1B911B67486900D16E6C /* JJTBlockStyleViewController.xib in Resources */,
			);
			runOnlyForDeploymentPostprocessing = 0;
		};
		9A834F5E1B5F6D4F005D6E2F /* Resources */ = {
			isa = PBXResourcesBuildPhase;
			buildActionMask = 2147483647;
			files = (
			);
			runOnlyForDeploymentPostprocessing = 0;
		};
/* End PBXResourcesBuildPhase section */

/* Begin PBXShellScriptBuildPhase section */
		7D8F3C26B40C2C83ACD8F6EC /* Check Pods Manifest.lock */ = {
			isa = PBXShellScriptBuildPhase;
			buildActionMask = 2147483647;
			files = (
			);
			inputPaths = (
			);
			name = "Check Pods Manifest.lock";
			outputPaths = (
			);
			runOnlyForDeploymentPostprocessing = 0;
			shellPath = /bin/sh;
			shellScript = "diff \"${PODS_ROOT}/../Podfile.lock\" \"${PODS_ROOT}/Manifest.lock\" > /dev/null\nif [[ $? != 0 ]] ; then\n    cat << EOM\nerror: The sandbox is not in sync with the Podfile.lock. Run 'pod install' or update your CocoaPods installation.\nEOM\n    exit 1\nfi\n";
			showEnvVarsInLog = 0;
		};
		C5325CE702E1AB472A5FC086 /* Copy Pods Resources */ = {
			isa = PBXShellScriptBuildPhase;
			buildActionMask = 2147483647;
			files = (
			);
			inputPaths = (
			);
			name = "Copy Pods Resources";
			outputPaths = (
			);
			runOnlyForDeploymentPostprocessing = 0;
			shellPath = /bin/sh;
			shellScript = "\"${SRCROOT}/Pods/Target Support Files/Pods/Pods-resources.sh\"\n";
			showEnvVarsInLog = 0;
		};
/* End PBXShellScriptBuildPhase section */

/* Begin PBXSourcesBuildPhase section */
		9A834F401B5F6D4F005D6E2F /* Sources */ = {
			isa = PBXSourcesBuildPhase;
			buildActionMask = 2147483647;
			files = (
				9A2852111B666C9100C827A5 /* JJTLoginViewController.m in Sources */,
				9A29A04B1B65370A006FA11B /* JJTPlainTextParagraphTableCell.m in Sources */,
				9AA1A3CA1B64E337007BBA25 /* JJTReader.m in Sources */,
				9A834F4D1B5F6D4F005D6E2F /* AppDelegate.m in Sources */,
				9A834F4A1B5F6D4F005D6E2F /* main.m in Sources */,
				9AA1A3AD1B64D2A3007BBA25 /* JJTArticleTableCell.m in Sources */,
				9A28522C1B668CB000C827A5 /* JJTPreferenceViewController.m in Sources */,
				9A2852261B66860400C827A5 /* JJTCreateAccountViewController.m in Sources */,
				9A834F531B5F6D4F005D6E2F /* JJTArticleListViewController.m in Sources */,
				9A9271031B67B20600901A71 /* JJTAuthorViewController.m in Sources */,
				9AA1A3DD1B6529CF007BBA25 /* JJTRateView.m in Sources */,
				9AA1A3E21B652DD5007BBA25 /* JJTArticleTableView.m in Sources */,
				9AA1A3CD1B64E337007BBA25 /* JJTAuthor.m in Sources */,
				9A834F501B5F6D4F005D6E2F /* JJTree.xcdatamodeld in Sources */,
				9A28521D1B666DDC00C827A5 /* JJTFormTableViewCell.m in Sources */,
				9A29A0551B653B01006FA11B /* JJTPictureParagraphTableViewCell.m in Sources */,
				9A9271181B67D57D00901A71 /* JJTBlockLineTableViewCell.m in Sources */,
				9A9271081B67B29600901A71 /* JJTAuthorHeader.m in Sources */,
				9AA1A3BE1B64E2BD007BBA25 /* JJTParagraph.m in Sources */,
				9AA1A3C41B64E320007BBA25 /* JJTRole.m in Sources */,
				9AA1A3D01B64E337007BBA25 /* JJTEditor.m in Sources */,
				9A313ADD1B6922890091DA8B /* JJTSearchViewController.m in Sources */,
				9A2852161B666CAF00C827A5 /* JJTFormTableView.m in Sources */,
				9A2852321B66907300C827A5 /* JJTProfileViewController.m in Sources */,
				9AA1A3D81B65263F007BBA25 /* JJTAuthorHeaderView.m in Sources */,
				9AA1A3B21B64D4DE007BBA25 /* JJTArticleListTableView.m in Sources */,
				9A9271121B67D49400901A71 /* JJTBlockWebView.m in Sources */,
				9A2852211B66771500C827A5 /* NSString+JJTString.m in Sources */,
				9AA1A3D41B64E9C4007BBA25 /* NSDate+JJTDate.m in Sources */,
				9AA1A3B71B64D9C0007BBA25 /* JJUser.xcdatamodeld in Sources */,
				9A29A0501B653A22006FA11B /* JJTBlockParagraphTableViewCell.m in Sources */,
				9AA1A3C11B64E2BE007BBA25 /* JJTArticle.m in Sources */,
				9A7F1B901B67486900D16E6C /* JJTBlockStyleViewController.m in Sources */,
				9A92710D1B67BA3A00901A71 /* JJTAuthorTableView.m in Sources */,
				9AA1A3A51B64D153007BBA25 /* JJTArticleViewController.m in Sources */,
				9AA1A3C71B64E337007BBA25 /* JJTUser.m in Sources */,
			);
			runOnlyForDeploymentPostprocessing = 0;
		};
		9A834F5C1B5F6D4F005D6E2F /* Sources */ = {
			isa = PBXSourcesBuildPhase;
			buildActionMask = 2147483647;
			files = (
				9A834F671B5F6D4F005D6E2F /* JJTreeTests.m in Sources */,
			);
			runOnlyForDeploymentPostprocessing = 0;
		};
/* End PBXSourcesBuildPhase section */

/* Begin PBXTargetDependency section */
		9A834F621B5F6D4F005D6E2F /* PBXTargetDependency */ = {
			isa = PBXTargetDependency;
			target = 9A834F431B5F6D4F005D6E2F /* JJTree */;
			targetProxy = 9A834F611B5F6D4F005D6E2F /* PBXContainerItemProxy */;
		};
/* End PBXTargetDependency section */

/* Begin PBXVariantGroup section */
		9A834F541B5F6D4F005D6E2F /* Main.storyboard */ = {
			isa = PBXVariantGroup;
			children = (
				9A834F551B5F6D4F005D6E2F /* Base */,
			);
			name = Main.storyboard;
			sourceTree = "<group>";
		};
		9A834F591B5F6D4F005D6E2F /* LaunchScreen.xib */ = {
			isa = PBXVariantGroup;
			children = (
				9A834F5A1B5F6D4F005D6E2F /* Base */,
			);
			name = LaunchScreen.xib;
			sourceTree = "<group>";
		};
/* End PBXVariantGroup section */

/* Begin XCBuildConfiguration section */
		9A834F681B5F6D4F005D6E2F /* Debug */ = {
			isa = XCBuildConfiguration;
			buildSettings = {
				ALWAYS_SEARCH_USER_PATHS = NO;
				CLANG_CXX_LANGUAGE_STANDARD = "gnu++0x";
				CLANG_CXX_LIBRARY = "libc++";
				CLANG_ENABLE_MODULES = YES;
				CLANG_ENABLE_OBJC_ARC = YES;
				CLANG_WARN_BOOL_CONVERSION = YES;
				CLANG_WARN_CONSTANT_CONVERSION = YES;
				CLANG_WARN_DIRECT_OBJC_ISA_USAGE = YES_ERROR;
				CLANG_WARN_EMPTY_BODY = YES;
				CLANG_WARN_ENUM_CONVERSION = YES;
				CLANG_WARN_INT_CONVERSION = YES;
				CLANG_WARN_OBJC_ROOT_CLASS = YES_ERROR;
				CLANG_WARN_UNREACHABLE_CODE = YES;
				CLANG_WARN__DUPLICATE_METHOD_MATCH = YES;
				"CODE_SIGN_IDENTITY[sdk=iphoneos*]" = "iPhone Developer";
				COPY_PHASE_STRIP = NO;
				DEBUG_INFORMATION_FORMAT = "dwarf-with-dsym";
				ENABLE_STRICT_OBJC_MSGSEND = YES;
				GCC_C_LANGUAGE_STANDARD = gnu99;
				GCC_DYNAMIC_NO_PIC = NO;
				GCC_NO_COMMON_BLOCKS = YES;
				GCC_OPTIMIZATION_LEVEL = 0;
				GCC_PREPROCESSOR_DEFINITIONS = (
					"DEBUG=1",
					"$(inherited)",
				);
				GCC_SYMBOLS_PRIVATE_EXTERN = NO;
				GCC_WARN_64_TO_32_BIT_CONVERSION = YES;
				GCC_WARN_ABOUT_RETURN_TYPE = YES_ERROR;
				GCC_WARN_UNDECLARED_SELECTOR = YES;
				GCC_WARN_UNINITIALIZED_AUTOS = YES_AGGRESSIVE;
				GCC_WARN_UNUSED_FUNCTION = YES;
				GCC_WARN_UNUSED_VARIABLE = YES;
				IPHONEOS_DEPLOYMENT_TARGET = 7.0;
				MTL_ENABLE_DEBUG_INFO = YES;
				ONLY_ACTIVE_ARCH = YES;
				SDKROOT = iphoneos;
			};
			name = Debug;
		};
		9A834F691B5F6D4F005D6E2F /* Release */ = {
			isa = XCBuildConfiguration;
			buildSettings = {
				ALWAYS_SEARCH_USER_PATHS = NO;
				CLANG_CXX_LANGUAGE_STANDARD = "gnu++0x";
				CLANG_CXX_LIBRARY = "libc++";
				CLANG_ENABLE_MODULES = YES;
				CLANG_ENABLE_OBJC_ARC = YES;
				CLANG_WARN_BOOL_CONVERSION = YES;
				CLANG_WARN_CONSTANT_CONVERSION = YES;
				CLANG_WARN_DIRECT_OBJC_ISA_USAGE = YES_ERROR;
				CLANG_WARN_EMPTY_BODY = YES;
				CLANG_WARN_ENUM_CONVERSION = YES;
				CLANG_WARN_INT_CONVERSION = YES;
				CLANG_WARN_OBJC_ROOT_CLASS = YES_ERROR;
				CLANG_WARN_UNREACHABLE_CODE = YES;
				CLANG_WARN__DUPLICATE_METHOD_MATCH = YES;
				"CODE_SIGN_IDENTITY[sdk=iphoneos*]" = "iPhone Developer";
				COPY_PHASE_STRIP = NO;
				DEBUG_INFORMATION_FORMAT = "dwarf-with-dsym";
				ENABLE_NS_ASSERTIONS = NO;
				ENABLE_STRICT_OBJC_MSGSEND = YES;
				GCC_C_LANGUAGE_STANDARD = gnu99;
				GCC_NO_COMMON_BLOCKS = YES;
				GCC_WARN_64_TO_32_BIT_CONVERSION = YES;
				GCC_WARN_ABOUT_RETURN_TYPE = YES_ERROR;
				GCC_WARN_UNDECLARED_SELECTOR = YES;
				GCC_WARN_UNINITIALIZED_AUTOS = YES_AGGRESSIVE;
				GCC_WARN_UNUSED_FUNCTION = YES;
				GCC_WARN_UNUSED_VARIABLE = YES;
				IPHONEOS_DEPLOYMENT_TARGET = 7.0;
				MTL_ENABLE_DEBUG_INFO = NO;
				SDKROOT = iphoneos;
				VALIDATE_PRODUCT = YES;
			};
			name = Release;
		};
		9A834F6B1B5F6D4F005D6E2F /* Debug */ = {
			isa = XCBuildConfiguration;
			baseConfigurationReference = 1ECC9AE29CE3270506B1286D /* Pods.debug.xcconfig */;
			buildSettings = {
				ASSETCATALOG_COMPILER_APPICON_NAME = AppIcon;
				HEADER_SEARCH_PATHS = (
					"$(inherited)",
					/Applications/Xcode.app/Contents/Developer/Toolchains/XcodeDefault.xctoolchain/usr/include,
					"$(CONFIGURATION_BUILD_DIR)/MMMarkdown-iOS/public/",
				);
				INFOPLIST_FILE = JJTree/Info.plist;
				IPHONEOS_DEPLOYMENT_TARGET = 7.0;
				LD_RUNPATH_SEARCH_PATHS = "$(inherited) @executable_path/Frameworks";
				PRODUCT_NAME = "$(TARGET_NAME)";
			};
			name = Debug;
		};
		9A834F6C1B5F6D4F005D6E2F /* Release */ = {
			isa = XCBuildConfiguration;
			baseConfigurationReference = B4DAFD98FB8B5FA0354A2A2E /* Pods.release.xcconfig */;
			buildSettings = {
				ASSETCATALOG_COMPILER_APPICON_NAME = AppIcon;
				HEADER_SEARCH_PATHS = (
					"$(inherited)",
					/Applications/Xcode.app/Contents/Developer/Toolchains/XcodeDefault.xctoolchain/usr/include,
					"$(CONFIGURATION_BUILD_DIR)/MMMarkdown-iOS/public/",
				);
				INFOPLIST_FILE = JJTree/Info.plist;
				IPHONEOS_DEPLOYMENT_TARGET = 7.0;
				LD_RUNPATH_SEARCH_PATHS = "$(inherited) @executable_path/Frameworks";
				PRODUCT_NAME = "$(TARGET_NAME)";
			};
			name = Release;
		};
		9A834F6E1B5F6D4F005D6E2F /* Debug */ = {
			isa = XCBuildConfiguration;
			buildSettings = {
				BUNDLE_LOADER = "$(TEST_HOST)";
				FRAMEWORK_SEARCH_PATHS = (
					"$(SDKROOT)/Developer/Library/Frameworks",
					"$(inherited)",
				);
				GCC_PREPROCESSOR_DEFINITIONS = (
					"DEBUG=1",
					"$(inherited)",
				);
				INFOPLIST_FILE = JJTreeTests/Info.plist;
				LD_RUNPATH_SEARCH_PATHS = "$(inherited) @executable_path/Frameworks @loader_path/Frameworks";
				PRODUCT_NAME = "$(TARGET_NAME)";
				TEST_HOST = "$(BUILT_PRODUCTS_DIR)/JJTree.app/JJTree";
			};
			name = Debug;
		};
		9A834F6F1B5F6D4F005D6E2F /* Release */ = {
			isa = XCBuildConfiguration;
			buildSettings = {
				BUNDLE_LOADER = "$(TEST_HOST)";
				FRAMEWORK_SEARCH_PATHS = (
					"$(SDKROOT)/Developer/Library/Frameworks",
					"$(inherited)",
				);
				INFOPLIST_FILE = JJTreeTests/Info.plist;
				LD_RUNPATH_SEARCH_PATHS = "$(inherited) @executable_path/Frameworks @loader_path/Frameworks";
				PRODUCT_NAME = "$(TARGET_NAME)";
				TEST_HOST = "$(BUILT_PRODUCTS_DIR)/JJTree.app/JJTree";
			};
			name = Release;
		};
/* End XCBuildConfiguration section */

/* Begin XCConfigurationList section */
		9A834F3F1B5F6D4F005D6E2F /* Build configuration list for PBXProject "JJTree" */ = {
			isa = XCConfigurationList;
			buildConfigurations = (
				9A834F681B5F6D4F005D6E2F /* Debug */,
				9A834F691B5F6D4F005D6E2F /* Release */,
			);
			defaultConfigurationIsVisible = 0;
			defaultConfigurationName = Release;
		};
		9A834F6A1B5F6D4F005D6E2F /* Build configuration list for PBXNativeTarget "JJTree" */ = {
			isa = XCConfigurationList;
			buildConfigurations = (
				9A834F6B1B5F6D4F005D6E2F /* Debug */,
				9A834F6C1B5F6D4F005D6E2F /* Release */,
			);
			defaultConfigurationIsVisible = 0;
			defaultConfigurationName = Release;
		};
		9A834F6D1B5F6D4F005D6E2F /* Build configuration list for PBXNativeTarget "JJTreeTests" */ = {
			isa = XCConfigurationList;
			buildConfigurations = (
				9A834F6E1B5F6D4F005D6E2F /* Debug */,
				9A834F6F1B5F6D4F005D6E2F /* Release */,
			);
			defaultConfigurationIsVisible = 0;
			defaultConfigurationName = Release;
		};
/* End XCConfigurationList section */

/* Begin XCVersionGroup section */
		9A834F4E1B5F6D4F005D6E2F /* JJTree.xcdatamodeld */ = {
			isa = XCVersionGroup;
			children = (
				9A834F4F1B5F6D4F005D6E2F /* JJTree.xcdatamodel */,
			);
			currentVersion = 9A834F4F1B5F6D4F005D6E2F /* JJTree.xcdatamodel */;
			path = JJTree.xcdatamodeld;
			sourceTree = "<group>";
			versionGroupType = wrapper.xcdatamodel;
		};
		9AA1A3B51B64D9C0007BBA25 /* JJUser.xcdatamodeld */ = {
			isa = XCVersionGroup;
			children = (
				9AA1A3B61B64D9C0007BBA25 /* JJUser.xcdatamodel */,
			);
			currentVersion = 9AA1A3B61B64D9C0007BBA25 /* JJUser.xcdatamodel */;
			path = JJUser.xcdatamodeld;
			sourceTree = "<group>";
			versionGroupType = wrapper.xcdatamodel;
		};
/* End XCVersionGroup section */
	};
	rootObject = 9A834F3C1B5F6D4F005D6E2F /* Project object */;
}
